// !$*UTF8*$!
{
	archiveVersion = 1;
	classes = {
	};
	objectVersion = 53;
	objects = {

/* Begin PBXBuildFile section */
		500655E826957C8400982789 /* Parser.cpp in Sources */ = {isa = PBXBuildFile; fileRef = 500655E626957C8400982789 /* Parser.cpp */; };
		50102346269DBEF000AC61A8 /* Exception.cpp in Sources */ = {isa = PBXBuildFile; fileRef = 50102344269DBEF000AC61A8 /* Exception.cpp */; };
		50102349269DC4F500AC61A8 /* IO.cpp in Sources */ = {isa = PBXBuildFile; fileRef = 50102347269DC4F500AC61A8 /* IO.cpp */; };
		50102352269EC70200AC61A8 /* DrillMap.cpp in Sources */ = {isa = PBXBuildFile; fileRef = 50102350269EC70200AC61A8 /* DrillMap.cpp */; };
		5030F11426A2BCCF009A53B3 /* Logger.cpp in Sources */ = {isa = PBXBuildFile; fileRef = 5030F11226A2BCCF009A53B3 /* Logger.cpp */; };
		5047B4E329F812F700AC38DC /* Palette.cpp in Sources */ = {isa = PBXBuildFile; fileRef = 5047B4E129F812F700AC38DC /* Palette.cpp */; };
		5047B4E429F812F700AC38DC /* Palette.cpp in Sources */ = {isa = PBXBuildFile; fileRef = 5047B4E129F812F700AC38DC /* Palette.cpp */; };
		5047B4FF29FE2BBC00AC38DC /* AssetManager.cpp in Sources */ = {isa = PBXBuildFile; fileRef = 5047B4FD29FE2BBC00AC38DC /* AssetManager.cpp */; };
		5047B50029FE2BBC00AC38DC /* AssetManager.cpp in Sources */ = {isa = PBXBuildFile; fileRef = 5047B4FD29FE2BBC00AC38DC /* AssetManager.cpp */; };
		5049968229DED17800B15919 /* DeepZoom.cpp in Sources */ = {isa = PBXBuildFile; fileRef = 5049968129DED17800B15919 /* DeepZoom.cpp */; };
		5049968729DED32700B15919 /* Chrono.cpp in Sources */ = {isa = PBXBuildFile; fileRef = 50BEC715269486C200CCDFA8 /* Chrono.cpp */; };
		5049968829DED32900B15919 /* Parser.cpp in Sources */ = {isa = PBXBuildFile; fileRef = 500655E626957C8400982789 /* Parser.cpp */; };
		5049968929DED32B00B15919 /* Exception.cpp in Sources */ = {isa = PBXBuildFile; fileRef = 50102344269DBEF000AC61A8 /* Exception.cpp */; };
		5049968A29DED32E00B15919 /* IO.cpp in Sources */ = {isa = PBXBuildFile; fileRef = 50102347269DC4F500AC61A8 /* IO.cpp */; };
		5049968B29DED33000B15919 /* Logger.cpp in Sources */ = {isa = PBXBuildFile; fileRef = 5030F11226A2BCCF009A53B3 /* Logger.cpp */; };
		5049968C29DED33200B15919 /* ProgressIndicator.cpp in Sources */ = {isa = PBXBuildFile; fileRef = 50BEC6FB269486A900CCDFA8 /* ProgressIndicator.cpp */; };
		5049969429DEED6800B15919 /* Zoomer.cpp in Sources */ = {isa = PBXBuildFile; fileRef = 5049969229DEED6800B15919 /* Zoomer.cpp */; };
		5049969529DF04F500B15919 /* Options.cpp in Sources */ = {isa = PBXBuildFile; fileRef = 50BEC6FA269486A900CCDFA8 /* Options.cpp */; };
		5049969629DF050B00B15919 /* ExtendedComplex.cpp in Sources */ = {isa = PBXBuildFile; fileRef = 50BEC718269486C200CCDFA8 /* ExtendedComplex.cpp */; };
		5049969729DF050D00B15919 /* ExtendedDouble.cpp in Sources */ = {isa = PBXBuildFile; fileRef = 50BEC710269486C100CCDFA8 /* ExtendedDouble.cpp */; };
		5049969829DF050F00B15919 /* PrecisionComplex.cpp in Sources */ = {isa = PBXBuildFile; fileRef = 50BEC719269486C200CCDFA8 /* PrecisionComplex.cpp */; };
		5049969929DF051200B15919 /* StandardComplex.cpp in Sources */ = {isa = PBXBuildFile; fileRef = 50BEC716269486C200CCDFA8 /* StandardComplex.cpp */; };
		507122192A304EF10013E655 /* ImageMaker.cpp in Sources */ = {isa = PBXBuildFile; fileRef = 507122172A304EF10013E655 /* ImageMaker.cpp */; };
		5071221A2A304EF10013E655 /* ImageMaker.cpp in Sources */ = {isa = PBXBuildFile; fileRef = 507122172A304EF10013E655 /* ImageMaker.cpp */; };
		5072FD672A271E36003DE341 /* Maker.cpp in Sources */ = {isa = PBXBuildFile; fileRef = 50EB497426A067850019078C /* Maker.cpp */; };
		5072FD6A2A271E4A003DE341 /* DeepMake.cpp in Sources */ = {isa = PBXBuildFile; fileRef = 5072FD682A271E4A003DE341 /* DeepMake.cpp */; };
		5072FD6B2A271E69003DE341 /* Options.cpp in Sources */ = {isa = PBXBuildFile; fileRef = 50BEC6FA269486A900CCDFA8 /* Options.cpp */; };
		5072FD6C2A271E6D003DE341 /* AssetManager.cpp in Sources */ = {isa = PBXBuildFile; fileRef = 5047B4FD29FE2BBC00AC38DC /* AssetManager.cpp */; };
		5072FD6D2A271E70003DE341 /* Coord.cpp in Sources */ = {isa = PBXBuildFile; fileRef = 50BEC6F6269486A900CCDFA8 /* Coord.cpp */; };
		5072FD6E2A271E72003DE341 /* Logger.cpp in Sources */ = {isa = PBXBuildFile; fileRef = 5030F11226A2BCCF009A53B3 /* Logger.cpp */; };
		5072FD6F2A271E75003DE341 /* ProgressIndicator.cpp in Sources */ = {isa = PBXBuildFile; fileRef = 50BEC6FB269486A900CCDFA8 /* ProgressIndicator.cpp */; };
		5072FD722A271EE4003DE341 /* Chrono.cpp in Sources */ = {isa = PBXBuildFile; fileRef = 50BEC715269486C200CCDFA8 /* Chrono.cpp */; };
		5072FD732A271EE7003DE341 /* Parser.cpp in Sources */ = {isa = PBXBuildFile; fileRef = 500655E626957C8400982789 /* Parser.cpp */; };
		5072FD742A271EE9003DE341 /* Exception.cpp in Sources */ = {isa = PBXBuildFile; fileRef = 50102344269DBEF000AC61A8 /* Exception.cpp */; };
		5072FD752A271EEB003DE341 /* IO.cpp in Sources */ = {isa = PBXBuildFile; fileRef = 50102347269DC4F500AC61A8 /* IO.cpp */; };
		5072FD762A272016003DE341 /* StandardComplex.cpp in Sources */ = {isa = PBXBuildFile; fileRef = 50BEC716269486C200CCDFA8 /* StandardComplex.cpp */; };
		5072FD772A272019003DE341 /* ExtendedDouble.cpp in Sources */ = {isa = PBXBuildFile; fileRef = 50BEC710269486C100CCDFA8 /* ExtendedDouble.cpp */; };
		5072FD782A27201C003DE341 /* ExtendedComplex.cpp in Sources */ = {isa = PBXBuildFile; fileRef = 50BEC718269486C200CCDFA8 /* ExtendedComplex.cpp */; };
		5072FD792A272020003DE341 /* PrecisionComplex.cpp in Sources */ = {isa = PBXBuildFile; fileRef = 50BEC719269486C200CCDFA8 /* PrecisionComplex.cpp */; };
		5072FD7C2A272EF8003DE341 /* Application.cpp in Sources */ = {isa = PBXBuildFile; fileRef = 5072FD7A2A272EF8003DE341 /* Application.cpp */; };
		5072FD7D2A272EF8003DE341 /* Application.cpp in Sources */ = {isa = PBXBuildFile; fileRef = 5072FD7A2A272EF8003DE341 /* Application.cpp */; };
		5072FD7E2A272EF8003DE341 /* Application.cpp in Sources */ = {isa = PBXBuildFile; fileRef = 5072FD7A2A272EF8003DE341 /* Application.cpp */; };
		50A09C732A3AE81C00845EE7 /* miniz.c in Sources */ = {isa = PBXBuildFile; fileRef = 50A09C712A3AE81C00845EE7 /* miniz.c */; settings = {COMPILER_FLAGS = "-Wno-comma"; }; };
		50A09C742A3AE81C00845EE7 /* miniz.c in Sources */ = {isa = PBXBuildFile; fileRef = 50A09C712A3AE81C00845EE7 /* miniz.c */; settings = {COMPILER_FLAGS = "-Wno-comma"; }; };
		50A09C772A3AF9C700845EE7 /* Compressor.cpp in Sources */ = {isa = PBXBuildFile; fileRef = 50A09C752A3AF9C700845EE7 /* Compressor.cpp */; };
		50A09C782A3AF9C700845EE7 /* Compressor.cpp in Sources */ = {isa = PBXBuildFile; fileRef = 50A09C752A3AF9C700845EE7 /* Compressor.cpp */; };
		50A09C7B2A3C5BFE00845EE7 /* SlowDriller.cpp in Sources */ = {isa = PBXBuildFile; fileRef = 50A09C792A3C5BFE00845EE7 /* SlowDriller.cpp */; };
		50A09C882A45D62300845EE7 /* Colors.cpp in Sources */ = {isa = PBXBuildFile; fileRef = 50A09C862A45D62300845EE7 /* Colors.cpp */; };
		50A09C892A45D62300845EE7 /* Colors.cpp in Sources */ = {isa = PBXBuildFile; fileRef = 50A09C862A45D62300845EE7 /* Colors.cpp */; };
		50A09C8A2A45D62300845EE7 /* Colors.cpp in Sources */ = {isa = PBXBuildFile; fileRef = 50A09C862A45D62300845EE7 /* Colors.cpp */; };
		50AE096429FE7E0A005E4D3E /* Animated.cpp in Sources */ = {isa = PBXBuildFile; fileRef = 50AE096329FE7E0A005E4D3E /* Animated.cpp */; };
		50BBF50A2A4DDA0D007CDE42 /* DynamicFloat.cpp in Sources */ = {isa = PBXBuildFile; fileRef = 50BBF5082A4DDA0D007CDE42 /* DynamicFloat.cpp */; };
		50BBF50B2A4DDA0D007CDE42 /* DynamicFloat.cpp in Sources */ = {isa = PBXBuildFile; fileRef = 50BBF5082A4DDA0D007CDE42 /* DynamicFloat.cpp */; };
		50BBF50C2A4DDA0D007CDE42 /* DynamicFloat.cpp in Sources */ = {isa = PBXBuildFile; fileRef = 50BBF5082A4DDA0D007CDE42 /* DynamicFloat.cpp */; };
		50BEC701269486AA00CCDFA8 /* Driller.cpp in Sources */ = {isa = PBXBuildFile; fileRef = 50BEC6F0269486A800CCDFA8 /* Driller.cpp */; };
		50BEC702269486AA00CCDFA8 /* Approximator.cpp in Sources */ = {isa = PBXBuildFile; fileRef = 50BEC6F2269486A900CCDFA8 /* Approximator.cpp */; };
		50BEC704269486AA00CCDFA8 /* Coord.cpp in Sources */ = {isa = PBXBuildFile; fileRef = 50BEC6F6269486A900CCDFA8 /* Coord.cpp */; };
		50BEC706269486AA00CCDFA8 /* Options.cpp in Sources */ = {isa = PBXBuildFile; fileRef = 50BEC6FA269486A900CCDFA8 /* Options.cpp */; };
		50BEC707269486AA00CCDFA8 /* ProgressIndicator.cpp in Sources */ = {isa = PBXBuildFile; fileRef = 50BEC6FB269486A900CCDFA8 /* ProgressIndicator.cpp */; };
		50BEC709269486AA00CCDFA8 /* ReferencePoint.cpp in Sources */ = {isa = PBXBuildFile; fileRef = 50BEC6FF269486AA00CCDFA8 /* ReferencePoint.cpp */; };
		50BEC70A269486AA00CCDFA8 /* DeepDrill.cpp in Sources */ = {isa = PBXBuildFile; fileRef = 50BEC700269486AA00CCDFA8 /* DeepDrill.cpp */; };
		50BEC71B269486C200CCDFA8 /* ExtendedDouble.cpp in Sources */ = {isa = PBXBuildFile; fileRef = 50BEC710269486C100CCDFA8 /* ExtendedDouble.cpp */; };
		50BEC71D269486C200CCDFA8 /* Chrono.cpp in Sources */ = {isa = PBXBuildFile; fileRef = 50BEC715269486C200CCDFA8 /* Chrono.cpp */; };
		50BEC71E269486C200CCDFA8 /* StandardComplex.cpp in Sources */ = {isa = PBXBuildFile; fileRef = 50BEC716269486C200CCDFA8 /* StandardComplex.cpp */; };
		50BEC71F269486C200CCDFA8 /* ExtendedComplex.cpp in Sources */ = {isa = PBXBuildFile; fileRef = 50BEC718269486C200CCDFA8 /* ExtendedComplex.cpp */; };
		50BEC720269486C200CCDFA8 /* PrecisionComplex.cpp in Sources */ = {isa = PBXBuildFile; fileRef = 50BEC719269486C200CCDFA8 /* PrecisionComplex.cpp */; };
		50D69A6A29E037160025DE0D /* FFmpeg.cpp in Sources */ = {isa = PBXBuildFile; fileRef = 50D69A6829E037160025DE0D /* FFmpeg.cpp */; };
		50D69A6D29E03E2C0025DE0D /* Recorder.cpp in Sources */ = {isa = PBXBuildFile; fileRef = 50D69A6B29E03E2C0025DE0D /* Recorder.cpp */; };
		50D69A7029E03F940025DE0D /* NamedPipe.cpp in Sources */ = {isa = PBXBuildFile; fileRef = 50D69A6E29E03F940025DE0D /* NamedPipe.cpp */; };
		50DA29512A2B583100600EB0 /* DrillMap.cpp in Sources */ = {isa = PBXBuildFile; fileRef = 50102350269EC70200AC61A8 /* DrillMap.cpp */; };
		50DA29592A2CE2B700600EB0 /* Filter.cpp in Sources */ = {isa = PBXBuildFile; fileRef = 50DA29572A2CE2B700600EB0 /* Filter.cpp */; };
		50DA295A2A2CE2B700600EB0 /* Filter.cpp in Sources */ = {isa = PBXBuildFile; fileRef = 50DA29572A2CE2B700600EB0 /* Filter.cpp */; };
		50F8C41029E583D3008A0B4C /* Coord.cpp in Sources */ = {isa = PBXBuildFile; fileRef = 50BEC6F6269486A900CCDFA8 /* Coord.cpp */; };
/* End PBXBuildFile section */

/* Begin PBXCopyFilesBuildPhase section */
		5049967D29DED17800B15919 /* CopyFiles */ = {
			isa = PBXCopyFilesBuildPhase;
			buildActionMask = 2147483647;
			dstPath = /usr/share/man/man1/;
			dstSubfolderSpec = 0;
			files = (
			);
			runOnlyForDeploymentPostprocessing = 1;
		};
		5072FD5E2A271E29003DE341 /* CopyFiles */ = {
			isa = PBXCopyFilesBuildPhase;
			buildActionMask = 2147483647;
			dstPath = /usr/share/man/man1/;
			dstSubfolderSpec = 0;
			files = (
			);
			runOnlyForDeploymentPostprocessing = 1;
		};
		50CF8E4C2694848800887FFC /* CopyFiles */ = {
			isa = PBXCopyFilesBuildPhase;
			buildActionMask = 2147483647;
			dstPath = /usr/share/man/man1/;
			dstSubfolderSpec = 0;
			files = (
			);
			runOnlyForDeploymentPostprocessing = 1;
		};
/* End PBXCopyFilesBuildPhase section */

/* Begin PBXFileReference section */
		500655E626957C8400982789 /* Parser.cpp */ = {isa = PBXFileReference; lastKnownFileType = sourcecode.cpp.cpp; path = Parser.cpp; sourceTree = "<group>"; };
		500655E726957C8400982789 /* Parser.h */ = {isa = PBXFileReference; lastKnownFileType = sourcecode.c.h; path = Parser.h; sourceTree = "<group>"; };
		50102344269DBEF000AC61A8 /* Exception.cpp */ = {isa = PBXFileReference; lastKnownFileType = sourcecode.cpp.cpp; path = Exception.cpp; sourceTree = "<group>"; };
		50102345269DBEF000AC61A8 /* Exception.h */ = {isa = PBXFileReference; lastKnownFileType = sourcecode.c.h; path = Exception.h; sourceTree = "<group>"; };
		50102347269DC4F500AC61A8 /* IO.cpp */ = {isa = PBXFileReference; lastKnownFileType = sourcecode.cpp.cpp; path = IO.cpp; sourceTree = "<group>"; };
		50102348269DC4F500AC61A8 /* IO.h */ = {isa = PBXFileReference; lastKnownFileType = sourcecode.c.h; path = IO.h; sourceTree = "<group>"; };
		50102350269EC70200AC61A8 /* DrillMap.cpp */ = {isa = PBXFileReference; lastKnownFileType = sourcecode.cpp.cpp; path = DrillMap.cpp; sourceTree = "<group>"; };
		50102351269EC70200AC61A8 /* DrillMap.h */ = {isa = PBXFileReference; lastKnownFileType = sourcecode.c.h; path = DrillMap.h; sourceTree = "<group>"; };
		5012111C2A4707890012A4B7 /* textured.ini */ = {isa = PBXFileReference; lastKnownFileType = text; path = textured.ini; sourceTree = "<group>"; };
		5012111D2A47266B0012A4B7 /* mordor.ini */ = {isa = PBXFileReference; lastKnownFileType = text; path = mordor.ini; sourceTree = "<group>"; };
		5030F11226A2BCCF009A53B3 /* Logger.cpp */ = {isa = PBXFileReference; lastKnownFileType = sourcecode.cpp.cpp; path = Logger.cpp; sourceTree = "<group>"; };
		5030F11326A2BCCF009A53B3 /* Logger.h */ = {isa = PBXFileReference; lastKnownFileType = sourcecode.c.h; path = Logger.h; sourceTree = "<group>"; };
		5047B4E129F812F700AC38DC /* Palette.cpp */ = {isa = PBXFileReference; lastKnownFileType = sourcecode.cpp.cpp; path = Palette.cpp; sourceTree = "<group>"; };
		5047B4E229F812F700AC38DC /* Palette.h */ = {isa = PBXFileReference; lastKnownFileType = sourcecode.c.h; path = Palette.h; sourceTree = "<group>"; };
		5047B4E629F8EFE800AC38DC /* ultrafrac.png */ = {isa = PBXFileReference; lastKnownFileType = image.png; path = ultrafrac.png; sourceTree = "<group>"; };
		5047B4E729F9623500AC38DC /* candy.png */ = {isa = PBXFileReference; lastKnownFileType = image.png; path = candy.png; sourceTree = "<group>"; };
		5047B4E829F9624100AC38DC /* dolomiti.png */ = {isa = PBXFileReference; lastKnownFileType = image.png; path = dolomiti.png; sourceTree = "<group>"; };
		5047B4E929F9625500AC38DC /* ice.png */ = {isa = PBXFileReference; lastKnownFileType = image.png; path = ice.png; sourceTree = "<group>"; };
		5047B4EA29F9625600AC38DC /* default.png */ = {isa = PBXFileReference; lastKnownFileType = image.png; path = default.png; sourceTree = "<group>"; };
		5047B4EB29F9625600AC38DC /* vulcano.png */ = {isa = PBXFileReference; lastKnownFileType = image.png; path = vulcano.png; sourceTree = "<group>"; };
		5047B4F229FBF1FD00AC38DC /* pistachio.png */ = {isa = PBXFileReference; lastKnownFileType = image.png; path = pistachio.png; sourceTree = "<group>"; };
		5047B4F329FBF20800AC38DC /* elements.png */ = {isa = PBXFileReference; lastKnownFileType = image.png; path = elements.png; sourceTree = "<group>"; };
		5047B4FC29FD537D00AC38DC /* prism.png */ = {isa = PBXFileReference; lastKnownFileType = image.png; path = prism.png; sourceTree = "<group>"; };
		5047B4FD29FE2BBC00AC38DC /* AssetManager.cpp */ = {isa = PBXFileReference; lastKnownFileType = sourcecode.cpp.cpp; path = AssetManager.cpp; sourceTree = "<group>"; };
		5047B4FE29FE2BBC00AC38DC /* AssetManager.h */ = {isa = PBXFileReference; lastKnownFileType = sourcecode.c.h; path = AssetManager.h; sourceTree = "<group>"; };
		5049967F29DED17800B15919 /* DeepZoom */ = {isa = PBXFileReference; explicitFileType = "compiled.mach-o.executable"; includeInIndex = 0; path = DeepZoom; sourceTree = BUILT_PRODUCTS_DIR; };
		5049968129DED17800B15919 /* DeepZoom.cpp */ = {isa = PBXFileReference; lastKnownFileType = sourcecode.cpp.cpp; path = DeepZoom.cpp; sourceTree = "<group>"; };
		5049968629DED20600B15919 /* DeepZoom.h */ = {isa = PBXFileReference; lastKnownFileType = sourcecode.c.h; path = DeepZoom.h; sourceTree = "<group>"; };
		5049968D29DED3BC00B15919 /* DeepZoom.entitlements */ = {isa = PBXFileReference; lastKnownFileType = text.plist.entitlements; path = DeepZoom.entitlements; sourceTree = "<group>"; };
		5049969229DEED6800B15919 /* Zoomer.cpp */ = {isa = PBXFileReference; lastKnownFileType = sourcecode.cpp.cpp; path = Zoomer.cpp; sourceTree = "<group>"; };
		5049969329DEED6800B15919 /* Zoomer.h */ = {isa = PBXFileReference; lastKnownFileType = sourcecode.c.h; path = Zoomer.h; sourceTree = "<group>"; };
		5049969C29DFFC8000B15919 /* Animated.h */ = {isa = PBXFileReference; lastKnownFileType = sourcecode.c.h; path = Animated.h; sourceTree = "<group>"; };
		504FAFEB2A53446B006495B8 /* gradient.glsl */ = {isa = PBXFileReference; lastKnownFileType = text; path = gradient.glsl; sourceTree = "<group>"; };
		504FAFEF2A544977006495B8 /* dna.jpg */ = {isa = PBXFileReference; lastKnownFileType = image.jpeg; path = dna.jpg; sourceTree = "<group>"; };
		504FAFF02A544C01006495B8 /* tiger.jpg */ = {isa = PBXFileReference; lastKnownFileType = image.jpeg; path = tiger.jpg; sourceTree = "<group>"; };
		504FAFF12A544DFA006495B8 /* checkerboard.jpg */ = {isa = PBXFileReference; lastKnownFileType = image.jpeg; path = checkerboard.jpg; sourceTree = "<group>"; };
		504FAFF32A544EEB006495B8 /* flag-of-germany.jpg */ = {isa = PBXFileReference; lastKnownFileType = image.jpeg; path = "flag-of-germany.jpg"; sourceTree = "<group>"; };
		504FAFF42A544F73006495B8 /* flag-of-norway.jpg */ = {isa = PBXFileReference; lastKnownFileType = image.jpeg; path = "flag-of-norway.jpg"; sourceTree = "<group>"; };
		504FAFF52A5454DA006495B8 /* flag-of-ukraine.jpg */ = {isa = PBXFileReference; lastKnownFileType = image.jpeg; path = "flag-of-ukraine.jpg"; sourceTree = "<group>"; };
		504FAFF62A5454DA006495B8 /* flag-of-singapore.jpg */ = {isa = PBXFileReference; lastKnownFileType = image.jpeg; path = "flag-of-singapore.jpg"; sourceTree = "<group>"; };
		504FAFF82A5455DA006495B8 /* flag-of-iceland.jpg */ = {isa = PBXFileReference; lastKnownFileType = image.jpeg; path = "flag-of-iceland.jpg"; sourceTree = "<group>"; };
		504FE2C32A1CE74C007A3F04 /* bilinear.glsl */ = {isa = PBXFileReference; lastKnownFileType = text; path = bilinear.glsl; sourceTree = "<group>"; };
		504FE2C42A1CF08A007A3F04 /* lanczos.glsl */ = {isa = PBXFileReference; lastKnownFileType = text; path = lanczos.glsl; sourceTree = "<group>"; };
		504FE2C52A1CF2A3007A3F04 /* catmull.glsl */ = {isa = PBXFileReference; lastKnownFileType = text; path = catmull.glsl; sourceTree = "<group>"; };
		504FE2C62A1F477A007A3F04 /* trilinear.glsl */ = {isa = PBXFileReference; lastKnownFileType = text; path = trilinear.glsl; sourceTree = "<group>"; };
		504FE2C72A1F4798007A3F04 /* bicubic.glsl */ = {isa = PBXFileReference; lastKnownFileType = text; path = bicubic.glsl; sourceTree = "<group>"; };
		504FE2C82A1F47AB007A3F04 /* tricubic.glsl */ = {isa = PBXFileReference; lastKnownFileType = text; path = tricubic.glsl; sourceTree = "<group>"; };
		505EB93429D73E42008DE5BB /* CMakeLists.txt */ = {isa = PBXFileReference; lastKnownFileType = text; path = CMakeLists.txt; sourceTree = "<group>"; };
		505EB93529D73E55008DE5BB /* CMakeLists.txt */ = {isa = PBXFileReference; lastKnownFileType = text; path = CMakeLists.txt; sourceTree = "<group>"; };
		505EB93629D73E62008DE5BB /* CMakeLists.txt */ = {isa = PBXFileReference; lastKnownFileType = text; path = CMakeLists.txt; sourceTree = "<group>"; };
		505EB93729D73E6E008DE5BB /* CMakeLists.txt */ = {isa = PBXFileReference; lastKnownFileType = text; path = CMakeLists.txt; sourceTree = "<group>"; };
		507122172A304EF10013E655 /* ImageMaker.cpp */ = {isa = PBXFileReference; lastKnownFileType = sourcecode.cpp.cpp; path = ImageMaker.cpp; sourceTree = "<group>"; };
		507122182A304EF10013E655 /* ImageMaker.h */ = {isa = PBXFileReference; lastKnownFileType = sourcecode.c.h; path = ImageMaker.h; sourceTree = "<group>"; };
		5071221B2A3101AA0013E655 /* normalmap.glsl */ = {isa = PBXFileReference; lastKnownFileType = text; path = normalmap.glsl; sourceTree = "<group>"; };
		5071221C2A31AB260013E655 /* 8K.ini */ = {isa = PBXFileReference; lastKnownFileType = text; path = 8K.ini; sourceTree = "<group>"; };
		5071221D2A31AD400013E655 /* 3D.ini */ = {isa = PBXFileReference; lastKnownFileType = text; path = 3D.ini; sourceTree = "<group>"; };
		507122202A31CF830013E655 /* seahorse1.ini */ = {isa = PBXFileReference; lastKnownFileType = text; path = seahorse1.ini; sourceTree = "<group>"; };
		507122212A31CF990013E655 /* seahorse2.ini */ = {isa = PBXFileReference; lastKnownFileType = text; path = seahorse2.ini; sourceTree = "<group>"; };
		507122222A31D09C0013E655 /* top.ini */ = {isa = PBXFileReference; lastKnownFileType = text; path = top.ini; sourceTree = "<group>"; };
		507122272A3381E40013E655 /* normalmap.ini */ = {isa = PBXFileReference; lastKnownFileType = text; path = normalmap.ini; sourceTree = "<group>"; };
		507122282A3386DE0013E655 /* relief.ini */ = {isa = PBXFileReference; lastKnownFileType = text; path = relief.ini; sourceTree = "<group>"; };
		5071222B2A35ABA50013E655 /* adventurous_forest.ini */ = {isa = PBXFileReference; lastKnownFileType = text; path = adventurous_forest.ini; sourceTree = "<group>"; };
		5071222C2A35ACF00013E655 /* all_seeing_eye.ini */ = {isa = PBXFileReference; lastKnownFileType = text; path = all_seeing_eye.ini; sourceTree = "<group>"; };
		5071222D2A35AE880013E655 /* e1000.ini */ = {isa = PBXFileReference; lastKnownFileType = text; path = e1000.ini; sourceTree = "<group>"; };
		5071222E2A35AF4D0013E655 /* e1016.ini */ = {isa = PBXFileReference; lastKnownFileType = text; path = e1016.ini; sourceTree = "<group>"; };
		5071222F2A35AFAF0013E655 /* e1086.ini */ = {isa = PBXFileReference; lastKnownFileType = text; path = e1086.ini; sourceTree = "<group>"; };
		507122302A35AFEA0013E655 /* e1121.ini */ = {isa = PBXFileReference; lastKnownFileType = text; path = e1121.ini; sourceTree = "<group>"; };
		507122312A35B0220013E655 /* e113.ini */ = {isa = PBXFileReference; lastKnownFileType = text; path = e113.ini; sourceTree = "<group>"; };
		507122322A35B05D0013E655 /* e1200.ini */ = {isa = PBXFileReference; lastKnownFileType = text; path = e1200.ini; sourceTree = "<group>"; };
		507122332A35B0BA0013E655 /* e1298.ini */ = {isa = PBXFileReference; lastKnownFileType = text; path = e1298.ini; sourceTree = "<group>"; };
		507122342A35BC920013E655 /* e50.ini */ = {isa = PBXFileReference; lastKnownFileType = text; path = e50.ini; sourceTree = "<group>"; };
		507122352A35BCD30013E655 /* e533.ini */ = {isa = PBXFileReference; lastKnownFileType = text; path = e533.ini; sourceTree = "<group>"; };
		507122362A35BD230013E655 /* e634.ini */ = {isa = PBXFileReference; lastKnownFileType = text; path = e634.ini; sourceTree = "<group>"; };
		507122372A35BD560013E655 /* e8000.ini */ = {isa = PBXFileReference; lastKnownFileType = text; path = e8000.ini; sourceTree = "<group>"; };
		507122382A35BD950013E655 /* e890.ini */ = {isa = PBXFileReference; lastKnownFileType = text; path = e890.ini; sourceTree = "<group>"; };
		507122392A35BE7B0013E655 /* glitch_test_7.ini */ = {isa = PBXFileReference; lastKnownFileType = text; path = glitch_test_7.ini; sourceTree = "<group>"; };
		5071223A2A35BEBF0013E655 /* heaven.ini */ = {isa = PBXFileReference; lastKnownFileType = text; path = heaven.ini; sourceTree = "<group>"; };
		5071223B2A35C0D40013E655 /* magic.ini */ = {isa = PBXFileReference; lastKnownFileType = text; path = magic.ini; sourceTree = "<group>"; };
		5071223C2A35C1070013E655 /* mitosis.ini */ = {isa = PBXFileReference; lastKnownFileType = text; path = mitosis.ini; sourceTree = "<group>"; };
		5071223D2A35C16D0013E655 /* mitosis2.ini */ = {isa = PBXFileReference; lastKnownFileType = text; path = mitosis2.ini; sourceTree = "<group>"; };
		5071223E2A35C1B70013E655 /* nr_fail.ini */ = {isa = PBXFileReference; lastKnownFileType = text; path = nr_fail.ini; sourceTree = "<group>"; };
		5071223F2A35C2700013E655 /* rug.ini */ = {isa = PBXFileReference; lastKnownFileType = text; path = rug.ini; sourceTree = "<group>"; };
		507122402A35C2E50013E655 /* spiral.ini */ = {isa = PBXFileReference; lastKnownFileType = text; path = spiral.ini; sourceTree = "<group>"; };
		507122412A35C3B80013E655 /* ssssss.ini */ = {isa = PBXFileReference; lastKnownFileType = text; path = ssssss.ini; sourceTree = "<group>"; };
		507122422A35C43F0013E655 /* test.ini */ = {isa = PBXFileReference; lastKnownFileType = text; path = test.ini; sourceTree = "<group>"; };
		507122432A35C4700013E655 /* test2.ini */ = {isa = PBXFileReference; lastKnownFileType = text; path = test2.ini; sourceTree = "<group>"; };
		507122442A35C49C0013E655 /* test3.ini */ = {isa = PBXFileReference; lastKnownFileType = text; path = test3.ini; sourceTree = "<group>"; };
		507122452A35C4CB0013E655 /* test4.ini */ = {isa = PBXFileReference; lastKnownFileType = text; path = test4.ini; sourceTree = "<group>"; };
		507122462A35C50A0013E655 /* test5.ini */ = {isa = PBXFileReference; lastKnownFileType = text; path = test5.ini; sourceTree = "<group>"; };
		507122472A35C5600013E655 /* test6.ini */ = {isa = PBXFileReference; lastKnownFileType = text; path = test6.ini; sourceTree = "<group>"; };
		507122482A35C5A70013E655 /* the_complexity_of_a_line.ini */ = {isa = PBXFileReference; lastKnownFileType = text; path = the_complexity_of_a_line.ini; sourceTree = "<group>"; };
		507122492A35C6AE0013E655 /* tick_tock.ini */ = {isa = PBXFileReference; lastKnownFileType = text; path = tick_tock.ini; sourceTree = "<group>"; };
		5071224A2A35C7220013E655 /* uranium.ini */ = {isa = PBXFileReference; lastKnownFileType = text; path = uranium.ini; sourceTree = "<group>"; };
		5071224B2A35C76F0013E655 /* verstoppertje.ini */ = {isa = PBXFileReference; lastKnownFileType = text; path = verstoppertje.ini; sourceTree = "<group>"; };
		5071224C2A35C7B30013E655 /* virus.ini */ = {isa = PBXFileReference; lastKnownFileType = text; path = virus.ini; sourceTree = "<group>"; };
		5071224D2A35C8A80013E655 /* wfs_extended.ini */ = {isa = PBXFileReference; lastKnownFileType = text; path = wfs_extended.ini; sourceTree = "<group>"; };
		5071224F2A35D7320013E655 /* wiki1.ini */ = {isa = PBXFileReference; lastKnownFileType = text; path = wiki1.ini; sourceTree = "<group>"; };
		507122512A35D82F0013E655 /* wiki2.ini */ = {isa = PBXFileReference; lastKnownFileType = text; path = wiki2.ini; sourceTree = "<group>"; };
		507122522A35D8B30013E655 /* wiki3.ini */ = {isa = PBXFileReference; lastKnownFileType = text; path = wiki3.ini; sourceTree = "<group>"; };
		507122532A35D8FD0013E655 /* wiki4.ini */ = {isa = PBXFileReference; lastKnownFileType = text; path = wiki4.ini; sourceTree = "<group>"; };
		507122542A35D93F0013E655 /* wiki5.ini */ = {isa = PBXFileReference; lastKnownFileType = text; path = wiki5.ini; sourceTree = "<group>"; };
		507122552A35DA050013E655 /* wiki6.ini */ = {isa = PBXFileReference; lastKnownFileType = text; path = wiki6.ini; sourceTree = "<group>"; };
		507122562A35DA540013E655 /* wiki8.ini */ = {isa = PBXFileReference; lastKnownFileType = text; path = wiki8.ini; sourceTree = "<group>"; };
		507122572A35DAC80013E655 /* wiki7.ini */ = {isa = PBXFileReference; lastKnownFileType = text; path = wiki7.ini; sourceTree = "<group>"; };
		507122582A35DC1B0013E655 /* wiki9.ini */ = {isa = PBXFileReference; lastKnownFileType = text; path = wiki9.ini; sourceTree = "<group>"; };
		507122592A35DC630013E655 /* wiki10.ini */ = {isa = PBXFileReference; lastKnownFileType = text; path = wiki10.ini; sourceTree = "<group>"; };
		5071225A2A35DCC80013E655 /* wiki11.ini */ = {isa = PBXFileReference; lastKnownFileType = text; path = wiki11.ini; sourceTree = "<group>"; };
		5071225B2A35DD710013E655 /* wiki12.ini */ = {isa = PBXFileReference; lastKnownFileType = text; path = wiki12.ini; sourceTree = "<group>"; };
		5071225C2A35DDFE0013E655 /* wiki13.ini */ = {isa = PBXFileReference; lastKnownFileType = text; path = wiki13.ini; sourceTree = "<group>"; };
		5071225D2A35DE940013E655 /* wiki14.ini */ = {isa = PBXFileReference; lastKnownFileType = text; path = wiki14.ini; sourceTree = "<group>"; };
		5071225E2A35DF0E0013E655 /* start.ini */ = {isa = PBXFileReference; lastKnownFileType = text; path = start.ini; sourceTree = "<group>"; };
		5072FD582A2718BD003DE341 /* white.png */ = {isa = PBXFileReference; lastKnownFileType = image.png; path = white.png; sourceTree = "<group>"; };
		5072FD5B2A271DE8003DE341 /* CMakeLists.txt */ = {isa = PBXFileReference; lastKnownFileType = text; path = CMakeLists.txt; sourceTree = "<group>"; };
		5072FD602A271E29003DE341 /* DeepMake */ = {isa = PBXFileReference; explicitFileType = "compiled.mach-o.executable"; includeInIndex = 0; path = DeepMake; sourceTree = BUILT_PRODUCTS_DIR; };
		5072FD682A271E4A003DE341 /* DeepMake.cpp */ = {isa = PBXFileReference; lastKnownFileType = sourcecode.cpp.cpp; path = DeepMake.cpp; sourceTree = "<group>"; };
		5072FD692A271E4A003DE341 /* DeepMake.h */ = {isa = PBXFileReference; lastKnownFileType = sourcecode.c.h; path = DeepMake.h; sourceTree = "<group>"; };
		5072FD7A2A272EF8003DE341 /* Application.cpp */ = {isa = PBXFileReference; lastKnownFileType = sourcecode.cpp.cpp; path = Application.cpp; sourceTree = "<group>"; };
		5072FD7B2A272EF8003DE341 /* Application.h */ = {isa = PBXFileReference; lastKnownFileType = sourcecode.c.h; path = Application.h; sourceTree = "<group>"; };
		50A09C712A3AE81C00845EE7 /* miniz.c */ = {isa = PBXFileReference; fileEncoding = 4; lastKnownFileType = sourcecode.c.c; path = miniz.c; sourceTree = "<group>"; };
		50A09C722A3AE81C00845EE7 /* miniz.h */ = {isa = PBXFileReference; fileEncoding = 4; lastKnownFileType = sourcecode.c.h; path = miniz.h; sourceTree = "<group>"; };
		50A09C752A3AF9C700845EE7 /* Compressor.cpp */ = {isa = PBXFileReference; lastKnownFileType = sourcecode.cpp.cpp; path = Compressor.cpp; sourceTree = "<group>"; };
		50A09C762A3AF9C700845EE7 /* Compressor.h */ = {isa = PBXFileReference; lastKnownFileType = sourcecode.c.h; path = Compressor.h; sourceTree = "<group>"; };
		50A09C792A3C5BFE00845EE7 /* SlowDriller.cpp */ = {isa = PBXFileReference; lastKnownFileType = sourcecode.cpp.cpp; path = SlowDriller.cpp; sourceTree = "<group>"; };
		50A09C7A2A3C5BFE00845EE7 /* SlowDriller.h */ = {isa = PBXFileReference; lastKnownFileType = sourcecode.c.h; path = SlowDriller.h; sourceTree = "<group>"; };
		50A09C7C2A40365000845EE7 /* experimental.ini */ = {isa = PBXFileReference; lastKnownFileType = text; path = experimental.ini; sourceTree = "<group>"; };
		50A09C7D2A420C4700845EE7 /* DeepMake.entitlements */ = {isa = PBXFileReference; lastKnownFileType = text.plist.entitlements; path = DeepMake.entitlements; sourceTree = "<group>"; };
		50A09C802A45CEB600845EE7 /* elvish.jpg */ = {isa = PBXFileReference; lastKnownFileType = image.jpeg; path = elvish.jpg; sourceTree = "<group>"; };
		50A09C812A45CEB600845EE7 /* bluegradient.jpg */ = {isa = PBXFileReference; lastKnownFileType = image.jpeg; path = bluegradient.jpg; sourceTree = "<group>"; };
		50A09C822A45CEB600845EE7 /* wood.jpg */ = {isa = PBXFileReference; lastKnownFileType = image.jpeg; path = wood.jpg; sourceTree = "<group>"; };
		50A09C832A45CEB600845EE7 /* greengradient.jpg */ = {isa = PBXFileReference; lastKnownFileType = image.jpeg; path = greengradient.jpg; sourceTree = "<group>"; };
		50A09C842A45CEB600845EE7 /* lava.jpg */ = {isa = PBXFileReference; lastKnownFileType = image.jpeg; path = lava.jpg; sourceTree = "<group>"; };
		50A09C852A45CEB600845EE7 /* redgradient.jpg */ = {isa = PBXFileReference; lastKnownFileType = image.jpeg; path = redgradient.jpg; sourceTree = "<group>"; };
		50A09C862A45D62300845EE7 /* Colors.cpp */ = {isa = PBXFileReference; lastKnownFileType = sourcecode.cpp.cpp; path = Colors.cpp; sourceTree = "<group>"; };
		50A09C872A45D62300845EE7 /* Colors.h */ = {isa = PBXFileReference; lastKnownFileType = sourcecode.c.h; path = Colors.h; sourceTree = "<group>"; };
		50AE096229FE5220005E4D3E /* ruby.png */ = {isa = PBXFileReference; lastKnownFileType = image.png; path = ruby.png; sourceTree = "<group>"; };
		50AE096329FE7E0A005E4D3E /* Animated.cpp */ = {isa = PBXFileReference; lastKnownFileType = sourcecode.cpp.cpp; path = Animated.cpp; sourceTree = "<group>"; };
		50AE096529FEA4ED005E4D3E /* lindor.png */ = {isa = PBXFileReference; lastKnownFileType = image.png; path = lindor.png; sourceTree = "<group>"; };
		50B5C7772A29D55700E531CC /* relief.glsl */ = {isa = PBXFileReference; lastKnownFileType = text; path = relief.glsl; sourceTree = "<group>"; };
		50BBF5072A4DD9B9007CDE42 /* spline.h */ = {isa = PBXFileReference; lastKnownFileType = sourcecode.c.h; path = spline.h; sourceTree = "<group>"; };
		50BBF5082A4DDA0D007CDE42 /* DynamicFloat.cpp */ = {isa = PBXFileReference; lastKnownFileType = sourcecode.cpp.cpp; path = DynamicFloat.cpp; sourceTree = "<group>"; };
		50BBF5092A4DDA0D007CDE42 /* DynamicFloat.h */ = {isa = PBXFileReference; lastKnownFileType = sourcecode.c.h; path = DynamicFloat.h; sourceTree = "<group>"; };
		50BEC6ED269486A800CCDFA8 /* Driller.h */ = {isa = PBXFileReference; fileEncoding = 4; lastKnownFileType = sourcecode.c.h; path = Driller.h; sourceTree = "<group>"; };
		50BEC6EF269486A800CCDFA8 /* Approximator.h */ = {isa = PBXFileReference; fileEncoding = 4; lastKnownFileType = sourcecode.c.h; path = Approximator.h; sourceTree = "<group>"; };
		50BEC6F0269486A800CCDFA8 /* Driller.cpp */ = {isa = PBXFileReference; fileEncoding = 4; lastKnownFileType = sourcecode.cpp.cpp; path = Driller.cpp; sourceTree = "<group>"; };
		50BEC6F1269486A800CCDFA8 /* ProgressIndicator.h */ = {isa = PBXFileReference; fileEncoding = 4; lastKnownFileType = sourcecode.c.h; path = ProgressIndicator.h; sourceTree = "<group>"; };
		50BEC6F2269486A900CCDFA8 /* Approximator.cpp */ = {isa = PBXFileReference; fileEncoding = 4; lastKnownFileType = sourcecode.cpp.cpp; path = Approximator.cpp; sourceTree = "<group>"; };
		50BEC6F3269486A900CCDFA8 /* config.h */ = {isa = PBXFileReference; fileEncoding = 4; lastKnownFileType = sourcecode.c.h; path = config.h; sourceTree = "<group>"; };
		50BEC6F5269486A900CCDFA8 /* DeepDrill.h */ = {isa = PBXFileReference; fileEncoding = 4; lastKnownFileType = sourcecode.c.h; path = DeepDrill.h; sourceTree = "<group>"; };
		50BEC6F6269486A900CCDFA8 /* Coord.cpp */ = {isa = PBXFileReference; fileEncoding = 4; lastKnownFileType = sourcecode.cpp.cpp; path = Coord.cpp; sourceTree = "<group>"; };
		50BEC6F8269486A900CCDFA8 /* Coord.h */ = {isa = PBXFileReference; fileEncoding = 4; lastKnownFileType = sourcecode.c.h; path = Coord.h; sourceTree = "<group>"; };
		50BEC6FA269486A900CCDFA8 /* Options.cpp */ = {isa = PBXFileReference; fileEncoding = 4; lastKnownFileType = sourcecode.cpp.cpp; path = Options.cpp; sourceTree = "<group>"; };
		50BEC6FB269486A900CCDFA8 /* ProgressIndicator.cpp */ = {isa = PBXFileReference; fileEncoding = 4; lastKnownFileType = sourcecode.cpp.cpp; path = ProgressIndicator.cpp; sourceTree = "<group>"; };
		50BEC6FC269486A900CCDFA8 /* ReferencePoint.h */ = {isa = PBXFileReference; fileEncoding = 4; lastKnownFileType = sourcecode.c.h; path = ReferencePoint.h; sourceTree = "<group>"; };
		50BEC6FD269486A900CCDFA8 /* Options.h */ = {isa = PBXFileReference; fileEncoding = 4; lastKnownFileType = sourcecode.c.h; path = Options.h; sourceTree = "<group>"; };
		50BEC6FF269486AA00CCDFA8 /* ReferencePoint.cpp */ = {isa = PBXFileReference; fileEncoding = 4; lastKnownFileType = sourcecode.cpp.cpp; path = ReferencePoint.cpp; sourceTree = "<group>"; };
		50BEC700269486AA00CCDFA8 /* DeepDrill.cpp */ = {isa = PBXFileReference; fileEncoding = 4; lastKnownFileType = sourcecode.cpp.cpp; path = DeepDrill.cpp; sourceTree = "<group>"; };
		50BEC70D269486C100CCDFA8 /* Chrono.h */ = {isa = PBXFileReference; fileEncoding = 4; lastKnownFileType = sourcecode.c.h; path = Chrono.h; sourceTree = "<group>"; };
		50BEC70F269486C100CCDFA8 /* Types.h */ = {isa = PBXFileReference; fileEncoding = 4; lastKnownFileType = sourcecode.c.h; path = Types.h; sourceTree = "<group>"; };
		50BEC710269486C100CCDFA8 /* ExtendedDouble.cpp */ = {isa = PBXFileReference; fileEncoding = 4; lastKnownFileType = sourcecode.cpp.cpp; path = ExtendedDouble.cpp; sourceTree = "<group>"; };
		50BEC711269486C100CCDFA8 /* ExtendedDouble.h */ = {isa = PBXFileReference; fileEncoding = 4; lastKnownFileType = sourcecode.c.h; path = ExtendedDouble.h; sourceTree = "<group>"; };
		50BEC712269486C100CCDFA8 /* PrecisionComplex.h */ = {isa = PBXFileReference; fileEncoding = 4; lastKnownFileType = sourcecode.c.h; path = PrecisionComplex.h; sourceTree = "<group>"; };
		50BEC713269486C100CCDFA8 /* ExtendedComplex.h */ = {isa = PBXFileReference; fileEncoding = 4; lastKnownFileType = sourcecode.c.h; path = ExtendedComplex.h; sourceTree = "<group>"; };
		50BEC715269486C200CCDFA8 /* Chrono.cpp */ = {isa = PBXFileReference; fileEncoding = 4; lastKnownFileType = sourcecode.cpp.cpp; path = Chrono.cpp; sourceTree = "<group>"; };
		50BEC716269486C200CCDFA8 /* StandardComplex.cpp */ = {isa = PBXFileReference; fileEncoding = 4; lastKnownFileType = sourcecode.cpp.cpp; path = StandardComplex.cpp; sourceTree = "<group>"; };
		50BEC717269486C200CCDFA8 /* StandardComplex.h */ = {isa = PBXFileReference; fileEncoding = 4; lastKnownFileType = sourcecode.c.h; path = StandardComplex.h; sourceTree = "<group>"; };
		50BEC718269486C200CCDFA8 /* ExtendedComplex.cpp */ = {isa = PBXFileReference; fileEncoding = 4; lastKnownFileType = sourcecode.cpp.cpp; path = ExtendedComplex.cpp; sourceTree = "<group>"; };
		50BEC719269486C200CCDFA8 /* PrecisionComplex.cpp */ = {isa = PBXFileReference; fileEncoding = 4; lastKnownFileType = sourcecode.cpp.cpp; path = PrecisionComplex.cpp; sourceTree = "<group>"; };
		50BEC723269486E500CCDFA8 /* HD.ini */ = {isa = PBXFileReference; lastKnownFileType = text; path = HD.ini; sourceTree = "<group>"; };
		50BEC724269486E600CCDFA8 /* SD.ini */ = {isa = PBXFileReference; lastKnownFileType = text; path = SD.ini; sourceTree = "<group>"; };
		50BEC726269486E600CCDFA8 /* 4K.ini */ = {isa = PBXFileReference; lastKnownFileType = text; path = 4K.ini; sourceTree = "<group>"; };
		50BEC727269486E600CCDFA8 /* FHD.ini */ = {isa = PBXFileReference; lastKnownFileType = text; path = FHD.ini; sourceTree = "<group>"; };
		50BEC728269486E600CCDFA8 /* LD.ini */ = {isa = PBXFileReference; lastKnownFileType = text; path = LD.ini; sourceTree = "<group>"; };
		50BEC72A2694872900CCDFA8 /* golden_spider.ini */ = {isa = PBXFileReference; fileEncoding = 4; lastKnownFileType = text; path = golden_spider.ini; sourceTree = "<group>"; };
		50BEC72B2694872900CCDFA8 /* peanuts.ini */ = {isa = PBXFileReference; fileEncoding = 4; lastKnownFileType = text; path = peanuts.ini; sourceTree = "<group>"; };
		50BEC72C2694872900CCDFA8 /* safari.ini */ = {isa = PBXFileReference; fileEncoding = 4; lastKnownFileType = text; path = safari.ini; sourceTree = "<group>"; };
		50BEC72D2694872900CCDFA8 /* dragon.ini */ = {isa = PBXFileReference; fileEncoding = 4; lastKnownFileType = text; path = dragon.ini; sourceTree = "<group>"; };
		50BEC72E2694872900CCDFA8 /* seahorse.ini */ = {isa = PBXFileReference; fileEncoding = 4; lastKnownFileType = text; path = seahorse.ini; sourceTree = "<group>"; };
		50BEC72F2694872900CCDFA8 /* spider.ini */ = {isa = PBXFileReference; fileEncoding = 4; lastKnownFileType = text; path = spider.ini; sourceTree = "<group>"; };
		50BEC7302694872900CCDFA8 /* wfs.ini */ = {isa = PBXFileReference; fileEncoding = 4; lastKnownFileType = text; path = wfs.ini; sourceTree = "<group>"; };
		50BEC7312694872900CCDFA8 /* flake.ini */ = {isa = PBXFileReference; fileEncoding = 4; lastKnownFileType = text; path = flake.ini; sourceTree = "<group>"; };
		50BEC7322694872A00CCDFA8 /* glitch_test_5.ini */ = {isa = PBXFileReference; fileEncoding = 4; lastKnownFileType = text; path = glitch_test_5.ini; sourceTree = "<group>"; };
		50BEC7332694872A00CCDFA8 /* super_dense.ini */ = {isa = PBXFileReference; fileEncoding = 4; lastKnownFileType = text; path = super_dense.ini; sourceTree = "<group>"; };
		50BEC7342694872A00CCDFA8 /* triangle.ini */ = {isa = PBXFileReference; fileEncoding = 4; lastKnownFileType = text; path = triangle.ini; sourceTree = "<group>"; };
		50BEC7352694872A00CCDFA8 /* x.ini */ = {isa = PBXFileReference; fileEncoding = 4; lastKnownFileType = text; path = x.ini; sourceTree = "<group>"; };
		50BEC7362694872A00CCDFA8 /* glitch_test_3.ini */ = {isa = PBXFileReference; fileEncoding = 4; lastKnownFileType = text; path = glitch_test_3.ini; sourceTree = "<group>"; };
		50BEC7372694872A00CCDFA8 /* long.ini */ = {isa = PBXFileReference; fileEncoding = 4; lastKnownFileType = text; path = long.ini; sourceTree = "<group>"; };
		50BEC7382694872A00CCDFA8 /* glitch_test_1.ini */ = {isa = PBXFileReference; fileEncoding = 4; lastKnownFileType = text; path = glitch_test_1.ini; sourceTree = "<group>"; };
		50BEC7392694872A00CCDFA8 /* evolution_trees.ini */ = {isa = PBXFileReference; fileEncoding = 4; lastKnownFileType = text; path = evolution_trees.ini; sourceTree = "<group>"; };
		50BEC73A2694872A00CCDFA8 /* glitch_test_6.ini */ = {isa = PBXFileReference; fileEncoding = 4; lastKnownFileType = text; path = glitch_test_6.ini; sourceTree = "<group>"; };
		50BEC73B2694872A00CCDFA8 /* opus.ini */ = {isa = PBXFileReference; fileEncoding = 4; lastKnownFileType = text; path = opus.ini; sourceTree = "<group>"; };
		50BEC73C2694872B00CCDFA8 /* wfs4.ini */ = {isa = PBXFileReference; fileEncoding = 4; lastKnownFileType = text; path = wfs4.ini; sourceTree = "<group>"; };
		50BEC73D2694872B00CCDFA8 /* threads_colour.ini */ = {isa = PBXFileReference; fileEncoding = 4; lastKnownFileType = text; path = threads_colour.ini; sourceTree = "<group>"; };
		50BEC73E2694872B00CCDFA8 /* wfs2.ini */ = {isa = PBXFileReference; fileEncoding = 4; lastKnownFileType = text; path = wfs2.ini; sourceTree = "<group>"; };
		50BEC7402694872B00CCDFA8 /* olbaid2.ini */ = {isa = PBXFileReference; fileEncoding = 4; lastKnownFileType = text; path = olbaid2.ini; sourceTree = "<group>"; };
		50BEC7412694872B00CCDFA8 /* olbaid4.ini */ = {isa = PBXFileReference; fileEncoding = 4; lastKnownFileType = text; path = olbaid4.ini; sourceTree = "<group>"; };
		50BEC7422694872B00CCDFA8 /* olbaid5.ini */ = {isa = PBXFileReference; fileEncoding = 4; lastKnownFileType = text; path = olbaid5.ini; sourceTree = "<group>"; };
		50BEC7432694872B00CCDFA8 /* olbaid3.ini */ = {isa = PBXFileReference; fileEncoding = 4; lastKnownFileType = text; path = olbaid3.ini; sourceTree = "<group>"; };
		50BEC7442694872B00CCDFA8 /* e10000.ini */ = {isa = PBXFileReference; fileEncoding = 4; lastKnownFileType = text; path = e10000.ini; sourceTree = "<group>"; };
		50BEC7452694872B00CCDFA8 /* e52465.ini */ = {isa = PBXFileReference; fileEncoding = 4; lastKnownFileType = text; path = e52465.ini; sourceTree = "<group>"; };
		50BEC7462694872C00CCDFA8 /* glitch_test_4.ini */ = {isa = PBXFileReference; fileEncoding = 4; lastKnownFileType = text; path = glitch_test_4.ini; sourceTree = "<group>"; };
		50BEC7472694872C00CCDFA8 /* 11_dimensions.ini */ = {isa = PBXFileReference; fileEncoding = 4; lastKnownFileType = text; path = 11_dimensions.ini; sourceTree = "<group>"; };
		50BEC7482694872C00CCDFA8 /* dinosaur_fossils.ini */ = {isa = PBXFileReference; fileEncoding = 4; lastKnownFileType = text; path = dinosaur_fossils.ini; sourceTree = "<group>"; };
		50BEC7492694872C00CCDFA8 /* opus2.ini */ = {isa = PBXFileReference; fileEncoding = 4; lastKnownFileType = text; path = opus2.ini; sourceTree = "<group>"; };
		50BEC74A2694872C00CCDFA8 /* wfs_mb.ini */ = {isa = PBXFileReference; fileEncoding = 4; lastKnownFileType = text; path = wfs_mb.ini; sourceTree = "<group>"; };
		50BEC74B2694872C00CCDFA8 /* e22522.ini */ = {isa = PBXFileReference; fileEncoding = 4; lastKnownFileType = text; path = e22522.ini; sourceTree = "<group>"; };
		50BEC74C2694872C00CCDFA8 /* orion.ini */ = {isa = PBXFileReference; fileEncoding = 4; lastKnownFileType = text; path = orion.ini; sourceTree = "<group>"; };
		50BEC74D2694872C00CCDFA8 /* infinity.ini */ = {isa = PBXFileReference; fileEncoding = 4; lastKnownFileType = text; path = infinity.ini; sourceTree = "<group>"; };
		50BEC74E2694872C00CCDFA8 /* dragon_detail.ini */ = {isa = PBXFileReference; fileEncoding = 4; lastKnownFileType = text; path = dragon_detail.ini; sourceTree = "<group>"; };
		50BEC74F2694872C00CCDFA8 /* floral_fantasy.ini */ = {isa = PBXFileReference; fileEncoding = 4; lastKnownFileType = text; path = floral_fantasy.ini; sourceTree = "<group>"; };
		50BEC7502694872D00CCDFA8 /* olbaid1.ini */ = {isa = PBXFileReference; fileEncoding = 4; lastKnownFileType = text; path = olbaid1.ini; sourceTree = "<group>"; };
		50BEC7512694872D00CCDFA8 /* lya.ini */ = {isa = PBXFileReference; fileEncoding = 4; lastKnownFileType = text; path = lya.ini; sourceTree = "<group>"; };
		50BEC7522694872D00CCDFA8 /* glitch_test_2.ini */ = {isa = PBXFileReference; fileEncoding = 4; lastKnownFileType = text; path = glitch_test_2.ini; sourceTree = "<group>"; };
		50BEC7532694872D00CCDFA8 /* hard.ini */ = {isa = PBXFileReference; fileEncoding = 4; lastKnownFileType = text; path = hard.ini; sourceTree = "<group>"; };
		50BEC7542694872D00CCDFA8 /* e14.ini */ = {isa = PBXFileReference; fileEncoding = 4; lastKnownFileType = text; path = e14.ini; sourceTree = "<group>"; };
		50BEC7592694876B00CCDFA8 /* DeepDrill.entitlements */ = {isa = PBXFileReference; lastKnownFileType = text.plist.entitlements; path = DeepDrill.entitlements; sourceTree = "<group>"; };
		50CF8E4E2694848800887FFC /* DeepDrill */ = {isa = PBXFileReference; explicitFileType = "compiled.mach-o.executable"; includeInIndex = 0; path = DeepDrill; sourceTree = BUILT_PRODUCTS_DIR; };
		50D69A6729E01C6A0025DE0D /* CMakeLists.txt */ = {isa = PBXFileReference; lastKnownFileType = text; path = CMakeLists.txt; sourceTree = "<group>"; };
		50D69A6829E037160025DE0D /* FFmpeg.cpp */ = {isa = PBXFileReference; lastKnownFileType = sourcecode.cpp.cpp; path = FFmpeg.cpp; sourceTree = "<group>"; };
		50D69A6929E037160025DE0D /* FFmpeg.h */ = {isa = PBXFileReference; lastKnownFileType = sourcecode.c.h; path = FFmpeg.h; sourceTree = "<group>"; };
		50D69A6B29E03E2C0025DE0D /* Recorder.cpp */ = {isa = PBXFileReference; lastKnownFileType = sourcecode.cpp.cpp; path = Recorder.cpp; sourceTree = "<group>"; };
		50D69A6C29E03E2C0025DE0D /* Recorder.h */ = {isa = PBXFileReference; lastKnownFileType = sourcecode.c.h; path = Recorder.h; sourceTree = "<group>"; };
		50D69A6E29E03F940025DE0D /* NamedPipe.cpp */ = {isa = PBXFileReference; lastKnownFileType = sourcecode.cpp.cpp; path = NamedPipe.cpp; sourceTree = "<group>"; };
		50D69A6F29E03F940025DE0D /* NamedPipe.h */ = {isa = PBXFileReference; lastKnownFileType = sourcecode.c.h; path = NamedPipe.h; sourceTree = "<group>"; };
		50D69A7629E2A4630025DE0D /* seahorse3.ini */ = {isa = PBXFileReference; lastKnownFileType = text; path = seahorse3.ini; sourceTree = "<group>"; };
		50DA29572A2CE2B700600EB0 /* Filter.cpp */ = {isa = PBXFileReference; lastKnownFileType = sourcecode.cpp.cpp; path = Filter.cpp; sourceTree = "<group>"; };
		50DA29582A2CE2B700600EB0 /* Filter.h */ = {isa = PBXFileReference; lastKnownFileType = sourcecode.c.h; path = Filter.h; sourceTree = "<group>"; };
		50EB0D4829EE609400770F31 /* CMakeLists.txt */ = {isa = PBXFileReference; lastKnownFileType = text; path = CMakeLists.txt; sourceTree = "<group>"; };
		50EB0D4A29F3E15800770F31 /* debug.ini */ = {isa = PBXFileReference; lastKnownFileType = text; path = debug.ini; sourceTree = "<group>"; };
		50EB497426A067850019078C /* Maker.cpp */ = {isa = PBXFileReference; lastKnownFileType = sourcecode.cpp.cpp; path = Maker.cpp; sourceTree = "<group>"; };
		50EB497526A067850019078C /* Maker.h */ = {isa = PBXFileReference; lastKnownFileType = sourcecode.c.h; path = Maker.h; sourceTree = "<group>"; };
		50F8C40F29E44042008A0B4C /* nearest.glsl */ = {isa = PBXFileReference; lastKnownFileType = text; path = nearest.glsl; sourceTree = "<group>"; };
		50F8C41129EC3C97008A0B4C /* lambert.glsl */ = {isa = PBXFileReference; lastKnownFileType = text; path = lambert.glsl; sourceTree = "<group>"; };
/* End PBXFileReference section */

/* Begin PBXFrameworksBuildPhase section */
		5049967C29DED17800B15919 /* Frameworks */ = {
			isa = PBXFrameworksBuildPhase;
			buildActionMask = 2147483647;
			files = (
			);
			runOnlyForDeploymentPostprocessing = 0;
		};
		5072FD5D2A271E29003DE341 /* Frameworks */ = {
			isa = PBXFrameworksBuildPhase;
			buildActionMask = 2147483647;
			files = (
			);
			runOnlyForDeploymentPostprocessing = 0;
		};
		50CF8E4B2694848800887FFC /* Frameworks */ = {
			isa = PBXFrameworksBuildPhase;
			buildActionMask = 2147483647;
			files = (
			);
			runOnlyForDeploymentPostprocessing = 0;
		};
/* End PBXFrameworksBuildPhase section */

/* Begin PBXGroup section */
		5010234A269DDE6D00AC61A8 /* src */ = {
			isa = PBXGroup;
			children = (
				505EB93729D73E6E008DE5BB /* CMakeLists.txt */,
				50BEC6F3269486A900CCDFA8 /* config.h */,
				50BEC70B269486B400CCDFA8 /* util */,
				5030F11026A1B92C009A53B3 /* math */,
				50EB0D4729EE605E00770F31 /* shared */,
				505EB93129D720B5008DE5BB /* ddrill */,
				5072FD5A2A271DC3003DE341 /* dmake */,
				5049968029DED17800B15919 /* dzoom */,
			);
			path = src;
			sourceTree = "<group>";
		};
		5030F11026A1B92C009A53B3 /* math */ = {
			isa = PBXGroup;
			children = (
				505EB93529D73E55008DE5BB /* CMakeLists.txt */,
				50BEC717269486C200CCDFA8 /* StandardComplex.h */,
				50BEC716269486C200CCDFA8 /* StandardComplex.cpp */,
				50BEC711269486C100CCDFA8 /* ExtendedDouble.h */,
				50BEC710269486C100CCDFA8 /* ExtendedDouble.cpp */,
				50BEC713269486C100CCDFA8 /* ExtendedComplex.h */,
				50BEC718269486C200CCDFA8 /* ExtendedComplex.cpp */,
				50BEC712269486C100CCDFA8 /* PrecisionComplex.h */,
				50BEC719269486C200CCDFA8 /* PrecisionComplex.cpp */,
			);
			path = math;
			sourceTree = "<group>";
		};
		5049968029DED17800B15919 /* dzoom */ = {
			isa = PBXGroup;
			children = (
				50D69A6729E01C6A0025DE0D /* CMakeLists.txt */,
				5049968629DED20600B15919 /* DeepZoom.h */,
				5049968129DED17800B15919 /* DeepZoom.cpp */,
				5049969329DEED6800B15919 /* Zoomer.h */,
				5049969229DEED6800B15919 /* Zoomer.cpp */,
				50D69A6C29E03E2C0025DE0D /* Recorder.h */,
				50D69A6B29E03E2C0025DE0D /* Recorder.cpp */,
				50D69A6F29E03F940025DE0D /* NamedPipe.h */,
				50D69A6E29E03F940025DE0D /* NamedPipe.cpp */,
				50D69A6929E037160025DE0D /* FFmpeg.h */,
				50D69A6829E037160025DE0D /* FFmpeg.cpp */,
			);
			path = dzoom;
			sourceTree = "<group>";
		};
		504FAFEC2A543A06006495B8 /* colorizers */ = {
			isa = PBXGroup;
			children = (
				504FAFEB2A53446B006495B8 /* gradient.glsl */,
			);
			path = colorizers;
			sourceTree = "<group>";
		};
		504FAFED2A543A17006495B8 /* scalers */ = {
			isa = PBXGroup;
			children = (
				50F8C40F29E44042008A0B4C /* nearest.glsl */,
				504FE2C32A1CE74C007A3F04 /* bilinear.glsl */,
				504FE2C62A1F477A007A3F04 /* trilinear.glsl */,
				504FE2C72A1F4798007A3F04 /* bicubic.glsl */,
				504FE2C82A1F47AB007A3F04 /* tricubic.glsl */,
			);
			path = scalers;
			sourceTree = "<group>";
		};
		504FAFEE2A543A2C006495B8 /* illuminators */ = {
			isa = PBXGroup;
			children = (
				50F8C41129EC3C97008A0B4C /* lambert.glsl */,
				50B5C7772A29D55700E531CC /* relief.glsl */,
				5071221B2A3101AA0013E655 /* normalmap.glsl */,
			);
			path = illuminators;
			sourceTree = "<group>";
		};
		505EB93129D720B5008DE5BB /* ddrill */ = {
			isa = PBXGroup;
			children = (
				505EB93429D73E42008DE5BB /* CMakeLists.txt */,
				50BEC6F5269486A900CCDFA8 /* DeepDrill.h */,
				50BEC700269486AA00CCDFA8 /* DeepDrill.cpp */,
				50A09C7A2A3C5BFE00845EE7 /* SlowDriller.h */,
				50A09C792A3C5BFE00845EE7 /* SlowDriller.cpp */,
				50BEC6ED269486A800CCDFA8 /* Driller.h */,
				50BEC6F0269486A800CCDFA8 /* Driller.cpp */,
				50BEC6EF269486A800CCDFA8 /* Approximator.h */,
				50BEC6F2269486A900CCDFA8 /* Approximator.cpp */,
				50BEC6FC269486A900CCDFA8 /* ReferencePoint.h */,
				50BEC6FF269486AA00CCDFA8 /* ReferencePoint.cpp */,
			);
			path = ddrill;
			sourceTree = "<group>";
		};
		507122232A31D2C30013E655 /* experimental */ = {
			isa = PBXGroup;
			children = (
				504FE2C42A1CF08A007A3F04 /* lanczos.glsl */,
				504FE2C52A1CF2A3007A3F04 /* catmull.glsl */,
			);
			path = experimental;
			sourceTree = "<group>";
		};
		5071224E2A35D0640013E655 /* yarndley */ = {
			isa = PBXGroup;
			children = (
				50BEC7472694872C00CCDFA8 /* 11_dimensions.ini */,
				5071222B2A35ABA50013E655 /* adventurous_forest.ini */,
				5071222C2A35ACF00013E655 /* all_seeing_eye.ini */,
				50BEC7482694872C00CCDFA8 /* dinosaur_fossils.ini */,
				50BEC72D2694872900CCDFA8 /* dragon.ini */,
				50BEC74E2694872C00CCDFA8 /* dragon_detail.ini */,
				5071222D2A35AE880013E655 /* e1000.ini */,
				50BEC7442694872B00CCDFA8 /* e10000.ini */,
				5071222E2A35AF4D0013E655 /* e1016.ini */,
				5071222F2A35AFAF0013E655 /* e1086.ini */,
				507122302A35AFEA0013E655 /* e1121.ini */,
				507122312A35B0220013E655 /* e113.ini */,
				507122322A35B05D0013E655 /* e1200.ini */,
				507122332A35B0BA0013E655 /* e1298.ini */,
				50BEC7542694872D00CCDFA8 /* e14.ini */,
				50BEC74B2694872C00CCDFA8 /* e22522.ini */,
				507122342A35BC920013E655 /* e50.ini */,
				50BEC7452694872B00CCDFA8 /* e52465.ini */,
				507122352A35BCD30013E655 /* e533.ini */,
				507122362A35BD230013E655 /* e634.ini */,
				507122372A35BD560013E655 /* e8000.ini */,
				507122382A35BD950013E655 /* e890.ini */,
				50BEC7392694872A00CCDFA8 /* evolution_trees.ini */,
				50BEC7312694872900CCDFA8 /* flake.ini */,
				50BEC74F2694872C00CCDFA8 /* floral_fantasy.ini */,
				50BEC7382694872A00CCDFA8 /* glitch_test_1.ini */,
				50BEC7522694872D00CCDFA8 /* glitch_test_2.ini */,
				50BEC7362694872A00CCDFA8 /* glitch_test_3.ini */,
				50BEC7462694872C00CCDFA8 /* glitch_test_4.ini */,
				50BEC7322694872A00CCDFA8 /* glitch_test_5.ini */,
				50BEC73A2694872A00CCDFA8 /* glitch_test_6.ini */,
				507122392A35BE7B0013E655 /* glitch_test_7.ini */,
				50BEC72A2694872900CCDFA8 /* golden_spider.ini */,
				50BEC7532694872D00CCDFA8 /* hard.ini */,
				5071223A2A35BEBF0013E655 /* heaven.ini */,
				50BEC74D2694872C00CCDFA8 /* infinity.ini */,
				50BEC7372694872A00CCDFA8 /* long.ini */,
				50BEC7512694872D00CCDFA8 /* lya.ini */,
				5071223B2A35C0D40013E655 /* magic.ini */,
				5071223C2A35C1070013E655 /* mitosis.ini */,
				5071223D2A35C16D0013E655 /* mitosis2.ini */,
				5071223E2A35C1B70013E655 /* nr_fail.ini */,
				50BEC7502694872D00CCDFA8 /* olbaid1.ini */,
				50BEC7402694872B00CCDFA8 /* olbaid2.ini */,
				50BEC7432694872B00CCDFA8 /* olbaid3.ini */,
				50BEC7412694872B00CCDFA8 /* olbaid4.ini */,
				50BEC7422694872B00CCDFA8 /* olbaid5.ini */,
				50BEC73B2694872A00CCDFA8 /* opus.ini */,
				50BEC7492694872C00CCDFA8 /* opus2.ini */,
				50BEC74C2694872C00CCDFA8 /* orion.ini */,
				50BEC72B2694872900CCDFA8 /* peanuts.ini */,
				5071223F2A35C2700013E655 /* rug.ini */,
				50BEC72C2694872900CCDFA8 /* safari.ini */,
				50BEC72E2694872900CCDFA8 /* seahorse.ini */,
				507122402A35C2E50013E655 /* spiral.ini */,
				507122412A35C3B80013E655 /* ssssss.ini */,
				50BEC7332694872A00CCDFA8 /* super_dense.ini */,
				507122422A35C43F0013E655 /* test.ini */,
				507122432A35C4700013E655 /* test2.ini */,
				507122442A35C49C0013E655 /* test3.ini */,
				507122452A35C4CB0013E655 /* test4.ini */,
				507122462A35C50A0013E655 /* test5.ini */,
				507122472A35C5600013E655 /* test6.ini */,
				507122482A35C5A70013E655 /* the_complexity_of_a_line.ini */,
				50BEC73D2694872B00CCDFA8 /* threads_colour.ini */,
				507122492A35C6AE0013E655 /* tick_tock.ini */,
				50BEC7342694872A00CCDFA8 /* triangle.ini */,
				5071224A2A35C7220013E655 /* uranium.ini */,
				5071224B2A35C76F0013E655 /* verstoppertje.ini */,
				5071224C2A35C7B30013E655 /* virus.ini */,
				50BEC7302694872900CCDFA8 /* wfs.ini */,
				50BEC73E2694872B00CCDFA8 /* wfs2.ini */,
				50BEC73C2694872B00CCDFA8 /* wfs4.ini */,
				5071224D2A35C8A80013E655 /* wfs_extended.ini */,
				50BEC74A2694872C00CCDFA8 /* wfs_mb.ini */,
				50BEC7352694872A00CCDFA8 /* x.ini */,
			);
			path = yarndley;
			sourceTree = "<group>";
		};
		507122502A35D73E0013E655 /* wiki */ = {
			isa = PBXGroup;
			children = (
				5071225E2A35DF0E0013E655 /* start.ini */,
				5071224F2A35D7320013E655 /* wiki1.ini */,
				507122512A35D82F0013E655 /* wiki2.ini */,
				507122522A35D8B30013E655 /* wiki3.ini */,
				507122532A35D8FD0013E655 /* wiki4.ini */,
				507122542A35D93F0013E655 /* wiki5.ini */,
				507122552A35DA050013E655 /* wiki6.ini */,
				507122572A35DAC80013E655 /* wiki7.ini */,
				507122562A35DA540013E655 /* wiki8.ini */,
				507122582A35DC1B0013E655 /* wiki9.ini */,
				507122592A35DC630013E655 /* wiki10.ini */,
				5071225A2A35DCC80013E655 /* wiki11.ini */,
				5071225B2A35DD710013E655 /* wiki12.ini */,
				5071225C2A35DDFE0013E655 /* wiki13.ini */,
				5071225D2A35DE940013E655 /* wiki14.ini */,
			);
			path = wiki;
			sourceTree = "<group>";
		};
		5072FD5A2A271DC3003DE341 /* dmake */ = {
			isa = PBXGroup;
			children = (
				5072FD5B2A271DE8003DE341 /* CMakeLists.txt */,
				5072FD692A271E4A003DE341 /* DeepMake.h */,
				5072FD682A271E4A003DE341 /* DeepMake.cpp */,
				50EB497526A067850019078C /* Maker.h */,
				50EB497426A067850019078C /* Maker.cpp */,
			);
			path = dmake;
			sourceTree = "<group>";
		};
		50A09C7F2A44EDF600845EE7 /* textures */ = {
			isa = PBXGroup;
			children = (
				50A09C812A45CEB600845EE7 /* bluegradient.jpg */,
				50A09C832A45CEB600845EE7 /* greengradient.jpg */,
				50A09C852A45CEB600845EE7 /* redgradient.jpg */,
				50A09C802A45CEB600845EE7 /* elvish.jpg */,
				504FAFEF2A544977006495B8 /* dna.jpg */,
				50A09C842A45CEB600845EE7 /* lava.jpg */,
				50A09C822A45CEB600845EE7 /* wood.jpg */,
				504FAFF02A544C01006495B8 /* tiger.jpg */,
				504FAFF12A544DFA006495B8 /* checkerboard.jpg */,
				504FAFF32A544EEB006495B8 /* flag-of-germany.jpg */,
				504FAFF42A544F73006495B8 /* flag-of-norway.jpg */,
				504FAFF62A5454DA006495B8 /* flag-of-singapore.jpg */,
				504FAFF52A5454DA006495B8 /* flag-of-ukraine.jpg */,
				504FAFF82A5455DA006495B8 /* flag-of-iceland.jpg */,
			);
			path = textures;
			sourceTree = "<group>";
		};
		50BEC70B269486B400CCDFA8 /* util */ = {
			isa = PBXGroup;
			children = (
				505EB93629D73E62008DE5BB /* CMakeLists.txt */,
				50BEC70F269486C100CCDFA8 /* Types.h */,
				5049969C29DFFC8000B15919 /* Animated.h */,
				50AE096329FE7E0A005E4D3E /* Animated.cpp */,
				50BBF5092A4DDA0D007CDE42 /* DynamicFloat.h */,
				50BBF5082A4DDA0D007CDE42 /* DynamicFloat.cpp */,
				50BEC70D269486C100CCDFA8 /* Chrono.h */,
				50BEC715269486C200CCDFA8 /* Chrono.cpp */,
				50A09C872A45D62300845EE7 /* Colors.h */,
				50A09C862A45D62300845EE7 /* Colors.cpp */,
				500655E726957C8400982789 /* Parser.h */,
				500655E626957C8400982789 /* Parser.cpp */,
				50102345269DBEF000AC61A8 /* Exception.h */,
				50102344269DBEF000AC61A8 /* Exception.cpp */,
				50102348269DC4F500AC61A8 /* IO.h */,
				50102347269DC4F500AC61A8 /* IO.cpp */,
				50A09C762A3AF9C700845EE7 /* Compressor.h */,
				50A09C752A3AF9C700845EE7 /* Compressor.cpp */,
				50A09C712A3AE81C00845EE7 /* miniz.c */,
				50A09C722A3AE81C00845EE7 /* miniz.h */,
				50BBF5072A4DD9B9007CDE42 /* spline.h */,
			);
			path = util;
			sourceTree = "<group>";
		};
		50BEC721269486D900CCDFA8 /* profiles */ = {
			isa = PBXGroup;
			children = (
				50BEC728269486E600CCDFA8 /* LD.ini */,
				50BEC724269486E600CCDFA8 /* SD.ini */,
				50BEC723269486E500CCDFA8 /* HD.ini */,
				50BEC727269486E600CCDFA8 /* FHD.ini */,
				50BEC726269486E600CCDFA8 /* 4K.ini */,
				5071221C2A31AB260013E655 /* 8K.ini */,
				5071221D2A31AD400013E655 /* 3D.ini */,
				507122282A3386DE0013E655 /* relief.ini */,
				50EB0D4A29F3E15800770F31 /* debug.ini */,
				507122272A3381E40013E655 /* normalmap.ini */,
				5012111C2A4707890012A4B7 /* textured.ini */,
			);
			path = profiles;
			sourceTree = "<group>";
		};
		50BEC7292694870100CCDFA8 /* locations */ = {
			isa = PBXGroup;
			children = (
				507122222A31D09C0013E655 /* top.ini */,
				5071224E2A35D0640013E655 /* yarndley */,
				507122502A35D73E0013E655 /* wiki */,
			);
			path = locations;
			sourceTree = "<group>";
		};
		50BEC7562694873C00CCDFA8 /* palettes */ = {
			isa = PBXGroup;
			children = (
				5072FD582A2718BD003DE341 /* white.png */,
				5047B4FC29FD537D00AC38DC /* prism.png */,
				5047B4E729F9623500AC38DC /* candy.png */,
				5047B4EA29F9625600AC38DC /* default.png */,
				5047B4E829F9624100AC38DC /* dolomiti.png */,
				5047B4F329FBF20800AC38DC /* elements.png */,
				5047B4F229FBF1FD00AC38DC /* pistachio.png */,
				5047B4E929F9625500AC38DC /* ice.png */,
				50AE096529FEA4ED005E4D3E /* lindor.png */,
				5047B4E629F8EFE800AC38DC /* ultrafrac.png */,
				5047B4EB29F9625600AC38DC /* vulcano.png */,
				50AE096229FE5220005E4D3E /* ruby.png */,
			);
			path = palettes;
			sourceTree = "<group>";
		};
		50CF8E452694848800887FFC = {
			isa = PBXGroup;
			children = (
				50A09C7D2A420C4700845EE7 /* DeepMake.entitlements */,
				5049968D29DED3BC00B15919 /* DeepZoom.entitlements */,
				50BEC7592694876B00CCDFA8 /* DeepDrill.entitlements */,
				5010234A269DDE6D00AC61A8 /* src */,
				50BEC7292694870100CCDFA8 /* locations */,
				50EB0D4C29F57D0200770F31 /* tutorial */,
				50BEC721269486D900CCDFA8 /* profiles */,
				50BEC7562694873C00CCDFA8 /* palettes */,
				50A09C7F2A44EDF600845EE7 /* textures */,
				50D69A7429E177D50025DE0D /* shaders */,
				50CF8E4F2694848800887FFC /* Products */,
			);
			sourceTree = "<group>";
		};
		50CF8E4F2694848800887FFC /* Products */ = {
			isa = PBXGroup;
			children = (
				50CF8E4E2694848800887FFC /* DeepDrill */,
				5049967F29DED17800B15919 /* DeepZoom */,
				5072FD602A271E29003DE341 /* DeepMake */,
			);
			name = Products;
			sourceTree = "<group>";
		};
		50D69A7429E177D50025DE0D /* shaders */ = {
			isa = PBXGroup;
			children = (
				504FAFEC2A543A06006495B8 /* colorizers */,
				504FAFED2A543A17006495B8 /* scalers */,
				504FAFEE2A543A2C006495B8 /* illuminators */,
				507122232A31D2C30013E655 /* experimental */,
			);
			path = shaders;
			sourceTree = "<group>";
		};
		50EB0D4729EE605E00770F31 /* shared */ = {
			isa = PBXGroup;
			children = (
				50EB0D4829EE609400770F31 /* CMakeLists.txt */,
				5072FD7B2A272EF8003DE341 /* Application.h */,
				5072FD7A2A272EF8003DE341 /* Application.cpp */,
				5047B4FE29FE2BBC00AC38DC /* AssetManager.h */,
				5047B4FD29FE2BBC00AC38DC /* AssetManager.cpp */,
				50BEC6FD269486A900CCDFA8 /* Options.h */,
				50BEC6FA269486A900CCDFA8 /* Options.cpp */,
				50BEC6F8269486A900CCDFA8 /* Coord.h */,
				50BEC6F6269486A900CCDFA8 /* Coord.cpp */,
				5030F11326A2BCCF009A53B3 /* Logger.h */,
				5030F11226A2BCCF009A53B3 /* Logger.cpp */,
				50BEC6F1269486A800CCDFA8 /* ProgressIndicator.h */,
				50BEC6FB269486A900CCDFA8 /* ProgressIndicator.cpp */,
				50102351269EC70200AC61A8 /* DrillMap.h */,
				50102350269EC70200AC61A8 /* DrillMap.cpp */,
				507122182A304EF10013E655 /* ImageMaker.h */,
				507122172A304EF10013E655 /* ImageMaker.cpp */,
				5047B4E229F812F700AC38DC /* Palette.h */,
				5047B4E129F812F700AC38DC /* Palette.cpp */,
				50DA29582A2CE2B700600EB0 /* Filter.h */,
				50DA29572A2CE2B700600EB0 /* Filter.cpp */,
			);
			path = shared;
			sourceTree = "<group>";
		};
		50EB0D4C29F57D0200770F31 /* tutorial */ = {
			isa = PBXGroup;
			children = (
				507122202A31CF830013E655 /* seahorse1.ini */,
				507122212A31CF990013E655 /* seahorse2.ini */,
				50D69A7629E2A4630025DE0D /* seahorse3.ini */,
				50BEC72F2694872900CCDFA8 /* spider.ini */,
				50A09C7C2A40365000845EE7 /* experimental.ini */,
				5012111D2A47266B0012A4B7 /* mordor.ini */,
			);
			path = tutorial;
			sourceTree = "<group>";
		};
/* End PBXGroup section */

/* Begin PBXNativeTarget section */
		5049967E29DED17800B15919 /* DeepZoom */ = {
			isa = PBXNativeTarget;
			buildConfigurationList = 5049968329DED17800B15919 /* Build configuration list for PBXNativeTarget "DeepZoom" */;
			buildPhases = (
				5049967B29DED17800B15919 /* Sources */,
				5049967C29DED17800B15919 /* Frameworks */,
				5049967D29DED17800B15919 /* CopyFiles */,
			);
			buildRules = (
			);
			dependencies = (
			);
			name = DeepZoom;
			productName = DeepZoom;
			productReference = 5049967F29DED17800B15919 /* DeepZoom */;
			productType = "com.apple.product-type.tool";
		};
		5072FD5F2A271E29003DE341 /* DeepMake */ = {
			isa = PBXNativeTarget;
			buildConfigurationList = 5072FD642A271E29003DE341 /* Build configuration list for PBXNativeTarget "DeepMake" */;
			buildPhases = (
				5072FD5C2A271E29003DE341 /* Sources */,
				5072FD5D2A271E29003DE341 /* Frameworks */,
				5072FD5E2A271E29003DE341 /* CopyFiles */,
			);
			buildRules = (
			);
			dependencies = (
			);
			name = DeepMake;
			productName = DeepMake;
			productReference = 5072FD602A271E29003DE341 /* DeepMake */;
			productType = "com.apple.product-type.tool";
		};
		50CF8E4D2694848800887FFC /* DeepDrill */ = {
			isa = PBXNativeTarget;
			buildConfigurationList = 50CF8E552694848800887FFC /* Build configuration list for PBXNativeTarget "DeepDrill" */;
			buildPhases = (
				50CF8E4A2694848800887FFC /* Sources */,
				50CF8E4B2694848800887FFC /* Frameworks */,
				50CF8E4C2694848800887FFC /* CopyFiles */,
			);
			buildRules = (
			);
			dependencies = (
			);
			name = DeepDrill;
			productName = DeepDrill;
			productReference = 50CF8E4E2694848800887FFC /* DeepDrill */;
			productType = "com.apple.product-type.tool";
		};
/* End PBXNativeTarget section */

/* Begin PBXProject section */
		50CF8E462694848800887FFC /* Project object */ = {
			isa = PBXProject;
			attributes = {
				BuildIndependentTargetsInParallel = YES;
				LastUpgradeCheck = 1430;
				TargetAttributes = {
					5049967E29DED17800B15919 = {
						CreatedOnToolsVersion = 14.3;
					};
					5072FD5F2A271E29003DE341 = {
						CreatedOnToolsVersion = 14.3;
					};
					50CF8E4D2694848800887FFC = {
						CreatedOnToolsVersion = 12.5.1;
					};
				};
			};
			buildConfigurationList = 50CF8E492694848800887FFC /* Build configuration list for PBXProject "DeepDrill" */;
			compatibilityVersion = "Xcode 9.3";
			developmentRegion = en;
			hasScannedForEncodings = 0;
			knownRegions = (
				en,
				Base,
			);
			mainGroup = 50CF8E452694848800887FFC;
			productRefGroup = 50CF8E4F2694848800887FFC /* Products */;
			projectDirPath = "";
			projectRoot = "";
			targets = (
				50CF8E4D2694848800887FFC /* DeepDrill */,
				5049967E29DED17800B15919 /* DeepZoom */,
				5072FD5F2A271E29003DE341 /* DeepMake */,
			);
		};
/* End PBXProject section */

/* Begin PBXSourcesBuildPhase section */
		5049967B29DED17800B15919 /* Sources */ = {
			isa = PBXSourcesBuildPhase;
			buildActionMask = 2147483647;
			files = (
				50DA295A2A2CE2B700600EB0 /* Filter.cpp in Sources */,
				50A09C892A45D62300845EE7 /* Colors.cpp in Sources */,
				5049968A29DED32E00B15919 /* IO.cpp in Sources */,
				5049969629DF050B00B15919 /* ExtendedComplex.cpp in Sources */,
				5072FD7D2A272EF8003DE341 /* Application.cpp in Sources */,
				5049969429DEED6800B15919 /* Zoomer.cpp in Sources */,
				50D69A6D29E03E2C0025DE0D /* Recorder.cpp in Sources */,
				5047B4E429F812F700AC38DC /* Palette.cpp in Sources */,
				50D69A6A29E037160025DE0D /* FFmpeg.cpp in Sources */,
				50AE096429FE7E0A005E4D3E /* Animated.cpp in Sources */,
				5049968B29DED33000B15919 /* Logger.cpp in Sources */,
				50D69A7029E03F940025DE0D /* NamedPipe.cpp in Sources */,
				5049968729DED32700B15919 /* Chrono.cpp in Sources */,
				5049968929DED32B00B15919 /* Exception.cpp in Sources */,
				5049969829DF050F00B15919 /* PrecisionComplex.cpp in Sources */,
				5049969729DF050D00B15919 /* ExtendedDouble.cpp in Sources */,
				50A09C782A3AF9C700845EE7 /* Compressor.cpp in Sources */,
				5049969929DF051200B15919 /* StandardComplex.cpp in Sources */,
				5049969529DF04F500B15919 /* Options.cpp in Sources */,
				5049968C29DED33200B15919 /* ProgressIndicator.cpp in Sources */,
				5047B50029FE2BBC00AC38DC /* AssetManager.cpp in Sources */,
				5049968829DED32900B15919 /* Parser.cpp in Sources */,
				50A09C742A3AE81C00845EE7 /* miniz.c in Sources */,
				50BBF50B2A4DDA0D007CDE42 /* DynamicFloat.cpp in Sources */,
				50DA29512A2B583100600EB0 /* DrillMap.cpp in Sources */,
				5049968229DED17800B15919 /* DeepZoom.cpp in Sources */,
				50F8C41029E583D3008A0B4C /* Coord.cpp in Sources */,
				5071221A2A304EF10013E655 /* ImageMaker.cpp in Sources */,
			);
			runOnlyForDeploymentPostprocessing = 0;
		};
		5072FD5C2A271E29003DE341 /* Sources */ = {
			isa = PBXSourcesBuildPhase;
			buildActionMask = 2147483647;
			files = (
				5072FD752A271EEB003DE341 /* IO.cpp in Sources */,
				5072FD6F2A271E75003DE341 /* ProgressIndicator.cpp in Sources */,
				5072FD742A271EE9003DE341 /* Exception.cpp in Sources */,
				5072FD6B2A271E69003DE341 /* Options.cpp in Sources */,
				5072FD772A272019003DE341 /* ExtendedDouble.cpp in Sources */,
				5072FD722A271EE4003DE341 /* Chrono.cpp in Sources */,
				50A09C8A2A45D62300845EE7 /* Colors.cpp in Sources */,
				5072FD792A272020003DE341 /* PrecisionComplex.cpp in Sources */,
				5072FD6E2A271E72003DE341 /* Logger.cpp in Sources */,
				5072FD6D2A271E70003DE341 /* Coord.cpp in Sources */,
				5072FD732A271EE7003DE341 /* Parser.cpp in Sources */,
				5072FD6C2A271E6D003DE341 /* AssetManager.cpp in Sources */,
				5072FD762A272016003DE341 /* StandardComplex.cpp in Sources */,
				50BBF50C2A4DDA0D007CDE42 /* DynamicFloat.cpp in Sources */,
				5072FD6A2A271E4A003DE341 /* DeepMake.cpp in Sources */,
				5072FD672A271E36003DE341 /* Maker.cpp in Sources */,
				5072FD782A27201C003DE341 /* ExtendedComplex.cpp in Sources */,
				5072FD7E2A272EF8003DE341 /* Application.cpp in Sources */,
			);
			runOnlyForDeploymentPostprocessing = 0;
		};
		50CF8E4A2694848800887FFC /* Sources */ = {
			isa = PBXSourcesBuildPhase;
			buildActionMask = 2147483647;
			files = (
				50BEC709269486AA00CCDFA8 /* ReferencePoint.cpp in Sources */,
				5030F11426A2BCCF009A53B3 /* Logger.cpp in Sources */,
				5072FD7C2A272EF8003DE341 /* Application.cpp in Sources */,
				50A09C882A45D62300845EE7 /* Colors.cpp in Sources */,
				50DA29592A2CE2B700600EB0 /* Filter.cpp in Sources */,
				50BEC707269486AA00CCDFA8 /* ProgressIndicator.cpp in Sources */,
				50BEC70A269486AA00CCDFA8 /* DeepDrill.cpp in Sources */,
				50BEC71B269486C200CCDFA8 /* ExtendedDouble.cpp in Sources */,
				50BEC720269486C200CCDFA8 /* PrecisionComplex.cpp in Sources */,
				5047B4E329F812F700AC38DC /* Palette.cpp in Sources */,
				50102352269EC70200AC61A8 /* DrillMap.cpp in Sources */,
				500655E826957C8400982789 /* Parser.cpp in Sources */,
				50102349269DC4F500AC61A8 /* IO.cpp in Sources */,
				50BEC704269486AA00CCDFA8 /* Coord.cpp in Sources */,
				50BEC706269486AA00CCDFA8 /* Options.cpp in Sources */,
				50A09C772A3AF9C700845EE7 /* Compressor.cpp in Sources */,
				50BEC701269486AA00CCDFA8 /* Driller.cpp in Sources */,
				50BEC71D269486C200CCDFA8 /* Chrono.cpp in Sources */,
				50102346269DBEF000AC61A8 /* Exception.cpp in Sources */,
				50BEC71F269486C200CCDFA8 /* ExtendedComplex.cpp in Sources */,
				50A09C7B2A3C5BFE00845EE7 /* SlowDriller.cpp in Sources */,
				5047B4FF29FE2BBC00AC38DC /* AssetManager.cpp in Sources */,
				50A09C732A3AE81C00845EE7 /* miniz.c in Sources */,
				50BEC71E269486C200CCDFA8 /* StandardComplex.cpp in Sources */,
				50BEC702269486AA00CCDFA8 /* Approximator.cpp in Sources */,
				50BBF50A2A4DDA0D007CDE42 /* DynamicFloat.cpp in Sources */,
				507122192A304EF10013E655 /* ImageMaker.cpp in Sources */,
			);
			runOnlyForDeploymentPostprocessing = 0;
		};
/* End PBXSourcesBuildPhase section */

/* Begin XCBuildConfiguration section */
		5049968429DED17800B15919 /* Debug */ = {
			isa = XCBuildConfiguration;
			buildSettings = {
				CODE_SIGN_ENTITLEMENTS = DeepZoom.entitlements;
				"CODE_SIGN_IDENTITY[sdk=macosx*]" = "-";
				CODE_SIGN_STYLE = Automatic;
				DEVELOPMENT_TEAM = 3NG65ZLYW7;
				ENABLE_HARDENED_RUNTIME = YES;
				HEADER_SEARCH_PATHS = (
					/opt/homebrew/Cellar/gmp/6.2.1_1/include/,
					/opt/homebrew/Cellar/sfml/2.5.1_2/include,
				);
				LIBRARY_SEARCH_PATHS = (
					/opt/homebrew/Cellar/gmp/6.2.1_1/lib/,
					/opt/homebrew/Cellar/sfml/2.5.1_2/lib,
				);
				MACOSX_DEPLOYMENT_TARGET = 13.3;
				OTHER_LDFLAGS = (
					"-lgmp",
					"-lgmpxx",
					"-lsfml-system",
					"-lsfml-window",
					"-lsfml-graphics",
				);
				PRODUCT_NAME = "$(TARGET_NAME)";
			};
			name = Debug;
		};
		5049968529DED17800B15919 /* Release */ = {
			isa = XCBuildConfiguration;
			buildSettings = {
				CODE_SIGN_ENTITLEMENTS = DeepZoom.entitlements;
				"CODE_SIGN_IDENTITY[sdk=macosx*]" = "-";
				CODE_SIGN_STYLE = Automatic;
				DEVELOPMENT_TEAM = 3NG65ZLYW7;
				ENABLE_HARDENED_RUNTIME = YES;
				HEADER_SEARCH_PATHS = (
					/opt/homebrew/Cellar/gmp/6.2.1_1/include/,
					/opt/homebrew/Cellar/sfml/2.5.1_2/include,
				);
				LIBRARY_SEARCH_PATHS = (
					/opt/homebrew/Cellar/gmp/6.2.1_1/lib/,
					/opt/homebrew/Cellar/sfml/2.5.1_2/lib,
				);
				MACOSX_DEPLOYMENT_TARGET = 13.3;
				OTHER_LDFLAGS = (
					"-lgmp",
					"-lgmpxx",
					"-lsfml-system",
					"-lsfml-window",
					"-lsfml-graphics",
				);
				PRODUCT_NAME = "$(TARGET_NAME)";
			};
			name = Release;
		};
		5072FD652A271E29003DE341 /* Debug */ = {
			isa = XCBuildConfiguration;
			buildSettings = {
				CODE_SIGN_ENTITLEMENTS = DeepMake.entitlements;
				CODE_SIGN_STYLE = Automatic;
				DEVELOPMENT_TEAM = 3NG65ZLYW7;
				ENABLE_HARDENED_RUNTIME = YES;
				HEADER_SEARCH_PATHS = /opt/homebrew/Cellar/gmp/6.2.1_1/include/;
				LIBRARY_SEARCH_PATHS = /opt/homebrew/Cellar/gmp/6.2.1_1/lib/;
				MACOSX_DEPLOYMENT_TARGET = 13.3;
				OTHER_LDFLAGS = (
					"-lgmp",
					"-lgmpxx",
				);
				PRODUCT_NAME = "$(TARGET_NAME)";
			};
			name = Debug;
		};
		5072FD662A271E29003DE341 /* Release */ = {
			isa = XCBuildConfiguration;
			buildSettings = {
				CODE_SIGN_ENTITLEMENTS = DeepMake.entitlements;
				CODE_SIGN_STYLE = Automatic;
				DEVELOPMENT_TEAM = 3NG65ZLYW7;
				ENABLE_HARDENED_RUNTIME = YES;
				HEADER_SEARCH_PATHS = /opt/homebrew/Cellar/gmp/6.2.1_1/include/;
				LIBRARY_SEARCH_PATHS = /opt/homebrew/Cellar/gmp/6.2.1_1/lib/;
				MACOSX_DEPLOYMENT_TARGET = 13.3;
				OTHER_LDFLAGS = (
					"-lgmp",
					"-lgmpxx",
				);
				PRODUCT_NAME = "$(TARGET_NAME)";
			};
			name = Release;
		};
		50CF8E532694848800887FFC /* Debug */ = {
			isa = XCBuildConfiguration;
			buildSettings = {
				ALWAYS_SEARCH_USER_PATHS = NO;
				CLANG_ANALYZER_NONNULL = YES;
				CLANG_ANALYZER_NUMBER_OBJECT_CONVERSION = YES_AGGRESSIVE;
				CLANG_CXX_LANGUAGE_STANDARD = "gnu++20";
				CLANG_CXX_LIBRARY = "libc++";
				CLANG_ENABLE_MODULES = YES;
				CLANG_ENABLE_OBJC_ARC = YES;
				CLANG_ENABLE_OBJC_WEAK = YES;
				CLANG_WARN_BLOCK_CAPTURE_AUTORELEASING = YES;
				CLANG_WARN_BOOL_CONVERSION = YES;
				CLANG_WARN_COMMA = YES;
				CLANG_WARN_CONSTANT_CONVERSION = YES;
				CLANG_WARN_DEPRECATED_OBJC_IMPLEMENTATIONS = YES;
				CLANG_WARN_DIRECT_OBJC_ISA_USAGE = YES_ERROR;
				CLANG_WARN_DOCUMENTATION_COMMENTS = YES;
				CLANG_WARN_EMPTY_BODY = YES;
				CLANG_WARN_ENUM_CONVERSION = YES;
				CLANG_WARN_INFINITE_RECURSION = YES;
				CLANG_WARN_INT_CONVERSION = YES;
				CLANG_WARN_NON_LITERAL_NULL_CONVERSION = YES;
				CLANG_WARN_OBJC_IMPLICIT_RETAIN_SELF = YES;
				CLANG_WARN_OBJC_LITERAL_CONVERSION = YES;
				CLANG_WARN_OBJC_ROOT_CLASS = YES_ERROR;
				CLANG_WARN_QUOTED_INCLUDE_IN_FRAMEWORK_HEADER = YES;
				CLANG_WARN_RANGE_LOOP_ANALYSIS = YES;
				CLANG_WARN_STRICT_PROTOTYPES = YES;
				CLANG_WARN_SUSPICIOUS_MOVE = YES;
				CLANG_WARN_UNGUARDED_AVAILABILITY = YES_AGGRESSIVE;
				CLANG_WARN_UNREACHABLE_CODE = YES;
				CLANG_WARN__DUPLICATE_METHOD_MATCH = YES;
				COPY_PHASE_STRIP = NO;
				DEAD_CODE_STRIPPING = YES;
				DEBUG_INFORMATION_FORMAT = dwarf;
				ENABLE_STRICT_OBJC_MSGSEND = YES;
				ENABLE_TESTABILITY = YES;
				GCC_C_LANGUAGE_STANDARD = gnu11;
				GCC_DYNAMIC_NO_PIC = NO;
				GCC_NO_COMMON_BLOCKS = YES;
				GCC_OPTIMIZATION_LEVEL = 0;
				GCC_PREPROCESSOR_DEFINITIONS = (
					"DEBUG=1",
					"$(inherited)",
				);
				GCC_WARN_64_TO_32_BIT_CONVERSION = YES;
				GCC_WARN_ABOUT_RETURN_TYPE = YES_ERROR;
				GCC_WARN_UNDECLARED_SELECTOR = YES;
				GCC_WARN_UNINITIALIZED_AUTOS = YES_AGGRESSIVE;
				GCC_WARN_UNUSED_FUNCTION = YES;
				GCC_WARN_UNUSED_VARIABLE = YES;
				MACOSX_DEPLOYMENT_TARGET = 12.0;
				MTL_ENABLE_DEBUG_INFO = INCLUDE_SOURCE;
				MTL_FAST_MATH = YES;
				ONLY_ACTIVE_ARCH = YES;
				SDKROOT = macosx;
			};
			name = Debug;
		};
		50CF8E542694848800887FFC /* Release */ = {
			isa = XCBuildConfiguration;
			buildSettings = {
				ALWAYS_SEARCH_USER_PATHS = NO;
				CLANG_ANALYZER_NONNULL = YES;
				CLANG_ANALYZER_NUMBER_OBJECT_CONVERSION = YES_AGGRESSIVE;
				CLANG_CXX_LANGUAGE_STANDARD = "gnu++20";
				CLANG_CXX_LIBRARY = "libc++";
				CLANG_ENABLE_MODULES = YES;
				CLANG_ENABLE_OBJC_ARC = YES;
				CLANG_ENABLE_OBJC_WEAK = YES;
				CLANG_WARN_BLOCK_CAPTURE_AUTORELEASING = YES;
				CLANG_WARN_BOOL_CONVERSION = YES;
				CLANG_WARN_COMMA = YES;
				CLANG_WARN_CONSTANT_CONVERSION = YES;
				CLANG_WARN_DEPRECATED_OBJC_IMPLEMENTATIONS = YES;
				CLANG_WARN_DIRECT_OBJC_ISA_USAGE = YES_ERROR;
				CLANG_WARN_DOCUMENTATION_COMMENTS = YES;
				CLANG_WARN_EMPTY_BODY = YES;
				CLANG_WARN_ENUM_CONVERSION = YES;
				CLANG_WARN_INFINITE_RECURSION = YES;
				CLANG_WARN_INT_CONVERSION = YES;
				CLANG_WARN_NON_LITERAL_NULL_CONVERSION = YES;
				CLANG_WARN_OBJC_IMPLICIT_RETAIN_SELF = YES;
				CLANG_WARN_OBJC_LITERAL_CONVERSION = YES;
				CLANG_WARN_OBJC_ROOT_CLASS = YES_ERROR;
				CLANG_WARN_QUOTED_INCLUDE_IN_FRAMEWORK_HEADER = YES;
				CLANG_WARN_RANGE_LOOP_ANALYSIS = YES;
				CLANG_WARN_STRICT_PROTOTYPES = YES;
				CLANG_WARN_SUSPICIOUS_MOVE = YES;
				CLANG_WARN_UNGUARDED_AVAILABILITY = YES_AGGRESSIVE;
				CLANG_WARN_UNREACHABLE_CODE = YES;
				CLANG_WARN__DUPLICATE_METHOD_MATCH = YES;
				COPY_PHASE_STRIP = NO;
				DEAD_CODE_STRIPPING = YES;
				DEBUG_INFORMATION_FORMAT = "dwarf-with-dsym";
				ENABLE_NS_ASSERTIONS = NO;
				ENABLE_STRICT_OBJC_MSGSEND = YES;
				GCC_C_LANGUAGE_STANDARD = gnu11;
				GCC_NO_COMMON_BLOCKS = YES;
				GCC_WARN_64_TO_32_BIT_CONVERSION = YES;
				GCC_WARN_ABOUT_RETURN_TYPE = YES_ERROR;
				GCC_WARN_UNDECLARED_SELECTOR = YES;
				GCC_WARN_UNINITIALIZED_AUTOS = YES_AGGRESSIVE;
				GCC_WARN_UNUSED_FUNCTION = YES;
				GCC_WARN_UNUSED_VARIABLE = YES;
				MACOSX_DEPLOYMENT_TARGET = 12.0;
				MTL_ENABLE_DEBUG_INFO = NO;
				MTL_FAST_MATH = YES;
				SDKROOT = macosx;
			};
			name = Release;
		};
		50CF8E562694848800887FFC /* Debug */ = {
			isa = XCBuildConfiguration;
			buildSettings = {
				CLANG_CXX_LANGUAGE_STANDARD = "gnu++20";
				CLANG_CXX_LIBRARY = "compiler-default";
				CLANG_WARN_SEMICOLON_BEFORE_METHOD_BODY = YES;
				CODE_SIGN_ENTITLEMENTS = DeepDrill.entitlements;
				CODE_SIGN_IDENTITY = "-";
				CODE_SIGN_STYLE = Automatic;
				DEAD_CODE_STRIPPING = YES;
				DEVELOPMENT_TEAM = 3NG65ZLYW7;
				ENABLE_HARDENED_RUNTIME = YES;
				GCC_WARN_ABOUT_DEPRECATED_FUNCTIONS = YES;
				GCC_WARN_ABOUT_MISSING_FIELD_INITIALIZERS = YES;
				GCC_WARN_INITIALIZER_NOT_FULLY_BRACKETED = YES;
				GCC_WARN_SHADOW = YES;
				GCC_WARN_SIGN_COMPARE = YES;
				HEADER_SEARCH_PATHS = (
					/opt/homebrew/Cellar/gmp/6.2.1_1/include/,
					/opt/homebrew/Cellar/sfml/2.5.1_2/include,
				);
				LIBRARY_SEARCH_PATHS = (
					/opt/homebrew/Cellar/gmp/6.2.1_1/lib/,
					/opt/homebrew/Cellar/sfml/2.5.1_2/lib,
				);
				MACOSX_DEPLOYMENT_TARGET = 13.3;
				OTHER_LDFLAGS = (
					"-lgmp",
					"-lgmpxx",
					"-lsfml-system",
					"-lsfml-window",
					"-lsfml-graphics",
				);
				PRODUCT_NAME = "$(TARGET_NAME)";
			};
			name = Debug;
		};
		50CF8E572694848800887FFC /* Release */ = {
			isa = XCBuildConfiguration;
			buildSettings = {
				CLANG_CXX_LANGUAGE_STANDARD = "gnu++20";
				CLANG_CXX_LIBRARY = "compiler-default";
				CLANG_WARN_SEMICOLON_BEFORE_METHOD_BODY = YES;
				CODE_SIGN_ENTITLEMENTS = DeepDrill.entitlements;
				CODE_SIGN_IDENTITY = "-";
				CODE_SIGN_STYLE = Automatic;
				DEAD_CODE_STRIPPING = YES;
				DEVELOPMENT_TEAM = 3NG65ZLYW7;
				ENABLE_HARDENED_RUNTIME = YES;
				GCC_WARN_ABOUT_DEPRECATED_FUNCTIONS = YES;
				GCC_WARN_ABOUT_MISSING_FIELD_INITIALIZERS = YES;
				GCC_WARN_INITIALIZER_NOT_FULLY_BRACKETED = YES;
				GCC_WARN_SHADOW = YES;
				GCC_WARN_SIGN_COMPARE = YES;
				HEADER_SEARCH_PATHS = (
					/opt/homebrew/Cellar/gmp/6.2.1_1/include/,
					/opt/homebrew/Cellar/sfml/2.5.1_2/include,
				);
				LIBRARY_SEARCH_PATHS = (
					/opt/homebrew/Cellar/gmp/6.2.1_1/lib/,
					/opt/homebrew/Cellar/sfml/2.5.1_2/lib,
				);
				MACOSX_DEPLOYMENT_TARGET = 13.3;
				ONLY_ACTIVE_ARCH = YES;
				OTHER_LDFLAGS = (
					"-lgmp",
					"-lgmpxx",
					"-lsfml-system",
					"-lsfml-window",
					"-lsfml-graphics",
				);
				PRODUCT_NAME = "$(TARGET_NAME)";
			};
			name = Release;
		};
/* End XCBuildConfiguration section */

/* Begin XCConfigurationList section */
		5049968329DED17800B15919 /* Build configuration list for PBXNativeTarget "DeepZoom" */ = {
			isa = XCConfigurationList;
			buildConfigurations = (
				5049968429DED17800B15919 /* Debug */,
				5049968529DED17800B15919 /* Release */,
			);
			defaultConfigurationIsVisible = 0;
			defaultConfigurationName = Release;
		};
		5072FD642A271E29003DE341 /* Build configuration list for PBXNativeTarget "DeepMake" */ = {
			isa = XCConfigurationList;
			buildConfigurations = (
				5072FD652A271E29003DE341 /* Debug */,
				5072FD662A271E29003DE341 /* Release */,
			);
			defaultConfigurationIsVisible = 0;
			defaultConfigurationName = Release;
		};
		50CF8E492694848800887FFC /* Build configuration list for PBXProject "DeepDrill" */ = {
			isa = XCConfigurationList;
			buildConfigurations = (
				50CF8E532694848800887FFC /* Debug */,
				50CF8E542694848800887FFC /* Release */,
			);
			defaultConfigurationIsVisible = 0;
			defaultConfigurationName = Release;
		};
		50CF8E552694848800887FFC /* Build configuration list for PBXNativeTarget "DeepDrill" */ = {
			isa = XCConfigurationList;
			buildConfigurations = (
				50CF8E562694848800887FFC /* Debug */,
				50CF8E572694848800887FFC /* Release */,
			);
			defaultConfigurationIsVisible = 0;
			defaultConfigurationName = Release;
		};
/* End XCConfigurationList section */
	};
	rootObject = 50CF8E462694848800887FFC /* Project object */;
}
