// !$*UTF8*$!
{
	archiveVersion = 1;
	classes = {
	};
	objectVersion = 50;
	objects = {

/* Begin PBXBuildFile section */
		500655E826957C8400982789 /* Parser.cpp in Sources */ = {isa = PBXBuildFile; fileRef = 500655E626957C8400982789 /* Parser.cpp */; };
		50102346269DBEF000AC61A8 /* Exception.cpp in Sources */ = {isa = PBXBuildFile; fileRef = 50102344269DBEF000AC61A8 /* Exception.cpp */; };
		50102349269DC4F500AC61A8 /* IO.cpp in Sources */ = {isa = PBXBuildFile; fileRef = 50102347269DC4F500AC61A8 /* IO.cpp */; };
		50102352269EC70200AC61A8 /* MapFile.cpp in Sources */ = {isa = PBXBuildFile; fileRef = 50102350269EC70200AC61A8 /* MapFile.cpp */; };
		50BEC701269486AA00CCDFA8 /* Driller.cpp in Sources */ = {isa = PBXBuildFile; fileRef = 50BEC6F0269486A800CCDFA8 /* Driller.cpp */; };
		50BEC702269486AA00CCDFA8 /* Coefficients.cpp in Sources */ = {isa = PBXBuildFile; fileRef = 50BEC6F2269486A900CCDFA8 /* Coefficients.cpp */; };
		50BEC703269486AA00CCDFA8 /* DrillMap.cpp in Sources */ = {isa = PBXBuildFile; fileRef = 50BEC6F4269486A900CCDFA8 /* DrillMap.cpp */; };
		50BEC704269486AA00CCDFA8 /* Coord.cpp in Sources */ = {isa = PBXBuildFile; fileRef = 50BEC6F6269486A900CCDFA8 /* Coord.cpp */; };
		50BEC706269486AA00CCDFA8 /* Options.cpp in Sources */ = {isa = PBXBuildFile; fileRef = 50BEC6FA269486A900CCDFA8 /* Options.cpp */; };
		50BEC707269486AA00CCDFA8 /* ProgressIndicator.cpp in Sources */ = {isa = PBXBuildFile; fileRef = 50BEC6FB269486A900CCDFA8 /* ProgressIndicator.cpp */; };
		50BEC708269486AA00CCDFA8 /* Palette.cpp in Sources */ = {isa = PBXBuildFile; fileRef = 50BEC6FE269486AA00CCDFA8 /* Palette.cpp */; };
		50BEC709269486AA00CCDFA8 /* ReferencePoint.cpp in Sources */ = {isa = PBXBuildFile; fileRef = 50BEC6FF269486AA00CCDFA8 /* ReferencePoint.cpp */; };
		50BEC70A269486AA00CCDFA8 /* Application.cpp in Sources */ = {isa = PBXBuildFile; fileRef = 50BEC700269486AA00CCDFA8 /* Application.cpp */; };
		50BEC71B269486C200CCDFA8 /* ExtendedDouble.cpp in Sources */ = {isa = PBXBuildFile; fileRef = 50BEC710269486C100CCDFA8 /* ExtendedDouble.cpp */; };
		50BEC71D269486C200CCDFA8 /* Chrono.cpp in Sources */ = {isa = PBXBuildFile; fileRef = 50BEC715269486C200CCDFA8 /* Chrono.cpp */; };
		50BEC71E269486C200CCDFA8 /* StandardComplex.cpp in Sources */ = {isa = PBXBuildFile; fileRef = 50BEC716269486C200CCDFA8 /* StandardComplex.cpp */; };
		50BEC71F269486C200CCDFA8 /* ExtendedComplex.cpp in Sources */ = {isa = PBXBuildFile; fileRef = 50BEC718269486C200CCDFA8 /* ExtendedComplex.cpp */; };
		50BEC720269486C200CCDFA8 /* PrecisionComplex.cpp in Sources */ = {isa = PBXBuildFile; fileRef = 50BEC719269486C200CCDFA8 /* PrecisionComplex.cpp */; };
		50CF8E522694848800887FFC /* main.cpp in Sources */ = {isa = PBXBuildFile; fileRef = 50CF8E512694848800887FFC /* main.cpp */; };
		50EB497326A00C2A0019078C /* Colorizer.cpp in Sources */ = {isa = PBXBuildFile; fileRef = 50EB497126A00C2A0019078C /* Colorizer.cpp */; };
/* End PBXBuildFile section */

/* Begin PBXCopyFilesBuildPhase section */
		50CF8E4C2694848800887FFC /* CopyFiles */ = {
			isa = PBXCopyFilesBuildPhase;
			buildActionMask = 2147483647;
			dstPath = /usr/share/man/man1/;
			dstSubfolderSpec = 0;
			files = (
			);
			runOnlyForDeploymentPostprocessing = 1;
		};
/* End PBXCopyFilesBuildPhase section */

/* Begin PBXFileReference section */
		500655E626957C8400982789 /* Parser.cpp */ = {isa = PBXFileReference; lastKnownFileType = sourcecode.cpp.cpp; path = Parser.cpp; sourceTree = "<group>"; };
		500655E726957C8400982789 /* Parser.h */ = {isa = PBXFileReference; lastKnownFileType = sourcecode.c.h; path = Parser.h; sourceTree = "<group>"; };
		500655EA26957CF500982789 /* Makefile */ = {isa = PBXFileReference; lastKnownFileType = sourcecode.make; path = Makefile; sourceTree = "<group>"; };
		500655EC2695AACB00982789 /* ice.prf */ = {isa = PBXFileReference; lastKnownFileType = text; path = ice.prf; sourceTree = "<group>"; };
		50102344269DBEF000AC61A8 /* Exception.cpp */ = {isa = PBXFileReference; lastKnownFileType = sourcecode.cpp.cpp; path = Exception.cpp; sourceTree = "<group>"; };
		50102345269DBEF000AC61A8 /* Exception.h */ = {isa = PBXFileReference; lastKnownFileType = sourcecode.c.h; path = Exception.h; sourceTree = "<group>"; };
		50102347269DC4F500AC61A8 /* IO.cpp */ = {isa = PBXFileReference; lastKnownFileType = sourcecode.cpp.cpp; path = IO.cpp; sourceTree = "<group>"; };
		50102348269DC4F500AC61A8 /* IO.h */ = {isa = PBXFileReference; lastKnownFileType = sourcecode.c.h; path = IO.h; sourceTree = "<group>"; };
		5010234B269DDE9C00AC61A8 /* Makefile */ = {isa = PBXFileReference; lastKnownFileType = sourcecode.make; path = Makefile; sourceTree = "<group>"; };
		5010234F269DE2FE00AC61A8 /* MathTypes.h */ = {isa = PBXFileReference; lastKnownFileType = sourcecode.c.h; path = MathTypes.h; sourceTree = "<group>"; };
		50102350269EC70200AC61A8 /* MapFile.cpp */ = {isa = PBXFileReference; lastKnownFileType = sourcecode.cpp.cpp; path = MapFile.cpp; sourceTree = "<group>"; };
		50102351269EC70200AC61A8 /* MapFile.h */ = {isa = PBXFileReference; lastKnownFileType = sourcecode.c.h; path = MapFile.h; sourceTree = "<group>"; };
		50BEC6ED269486A800CCDFA8 /* Driller.h */ = {isa = PBXFileReference; fileEncoding = 4; lastKnownFileType = sourcecode.c.h; path = Driller.h; sourceTree = "<group>"; };
		50BEC6EE269486A800CCDFA8 /* Palette.h */ = {isa = PBXFileReference; fileEncoding = 4; lastKnownFileType = sourcecode.c.h; path = Palette.h; sourceTree = "<group>"; };
		50BEC6EF269486A800CCDFA8 /* Coefficients.h */ = {isa = PBXFileReference; fileEncoding = 4; lastKnownFileType = sourcecode.c.h; path = Coefficients.h; sourceTree = "<group>"; };
		50BEC6F0269486A800CCDFA8 /* Driller.cpp */ = {isa = PBXFileReference; fileEncoding = 4; lastKnownFileType = sourcecode.cpp.cpp; path = Driller.cpp; sourceTree = "<group>"; };
		50BEC6F1269486A800CCDFA8 /* ProgressIndicator.h */ = {isa = PBXFileReference; fileEncoding = 4; lastKnownFileType = sourcecode.c.h; path = ProgressIndicator.h; sourceTree = "<group>"; };
		50BEC6F2269486A900CCDFA8 /* Coefficients.cpp */ = {isa = PBXFileReference; fileEncoding = 4; lastKnownFileType = sourcecode.cpp.cpp; path = Coefficients.cpp; sourceTree = "<group>"; };
		50BEC6F3269486A900CCDFA8 /* config.h */ = {isa = PBXFileReference; fileEncoding = 4; lastKnownFileType = sourcecode.c.h; path = config.h; sourceTree = "<group>"; };
		50BEC6F4269486A900CCDFA8 /* DrillMap.cpp */ = {isa = PBXFileReference; fileEncoding = 4; lastKnownFileType = sourcecode.cpp.cpp; path = DrillMap.cpp; sourceTree = "<group>"; };
		50BEC6F5269486A900CCDFA8 /* Application.h */ = {isa = PBXFileReference; fileEncoding = 4; lastKnownFileType = sourcecode.c.h; path = Application.h; sourceTree = "<group>"; };
		50BEC6F6269486A900CCDFA8 /* Coord.cpp */ = {isa = PBXFileReference; fileEncoding = 4; lastKnownFileType = sourcecode.cpp.cpp; path = Coord.cpp; sourceTree = "<group>"; };
		50BEC6F7269486A900CCDFA8 /* Makefile */ = {isa = PBXFileReference; fileEncoding = 4; lastKnownFileType = sourcecode.make; path = Makefile; sourceTree = "<group>"; };
		50BEC6F8269486A900CCDFA8 /* Coord.h */ = {isa = PBXFileReference; fileEncoding = 4; lastKnownFileType = sourcecode.c.h; path = Coord.h; sourceTree = "<group>"; };
		50BEC6F9269486A900CCDFA8 /* DrillMap.h */ = {isa = PBXFileReference; fileEncoding = 4; lastKnownFileType = sourcecode.c.h; path = DrillMap.h; sourceTree = "<group>"; };
		50BEC6FA269486A900CCDFA8 /* Options.cpp */ = {isa = PBXFileReference; fileEncoding = 4; lastKnownFileType = sourcecode.cpp.cpp; path = Options.cpp; sourceTree = "<group>"; };
		50BEC6FB269486A900CCDFA8 /* ProgressIndicator.cpp */ = {isa = PBXFileReference; fileEncoding = 4; lastKnownFileType = sourcecode.cpp.cpp; path = ProgressIndicator.cpp; sourceTree = "<group>"; };
		50BEC6FC269486A900CCDFA8 /* ReferencePoint.h */ = {isa = PBXFileReference; fileEncoding = 4; lastKnownFileType = sourcecode.c.h; path = ReferencePoint.h; sourceTree = "<group>"; };
		50BEC6FD269486A900CCDFA8 /* Options.h */ = {isa = PBXFileReference; fileEncoding = 4; lastKnownFileType = sourcecode.c.h; path = Options.h; sourceTree = "<group>"; };
		50BEC6FE269486AA00CCDFA8 /* Palette.cpp */ = {isa = PBXFileReference; fileEncoding = 4; lastKnownFileType = sourcecode.cpp.cpp; path = Palette.cpp; sourceTree = "<group>"; };
		50BEC6FF269486AA00CCDFA8 /* ReferencePoint.cpp */ = {isa = PBXFileReference; fileEncoding = 4; lastKnownFileType = sourcecode.cpp.cpp; path = ReferencePoint.cpp; sourceTree = "<group>"; };
		50BEC700269486AA00CCDFA8 /* Application.cpp */ = {isa = PBXFileReference; fileEncoding = 4; lastKnownFileType = sourcecode.cpp.cpp; path = Application.cpp; sourceTree = "<group>"; };
		50BEC70D269486C100CCDFA8 /* Chrono.h */ = {isa = PBXFileReference; fileEncoding = 4; lastKnownFileType = sourcecode.c.h; path = Chrono.h; sourceTree = "<group>"; };
		50BEC70E269486C100CCDFA8 /* Makefile */ = {isa = PBXFileReference; fileEncoding = 4; lastKnownFileType = sourcecode.make; path = Makefile; sourceTree = "<group>"; };
		50BEC70F269486C100CCDFA8 /* Types.h */ = {isa = PBXFileReference; fileEncoding = 4; lastKnownFileType = sourcecode.c.h; path = Types.h; sourceTree = "<group>"; };
		50BEC710269486C100CCDFA8 /* ExtendedDouble.cpp */ = {isa = PBXFileReference; fileEncoding = 4; lastKnownFileType = sourcecode.cpp.cpp; path = ExtendedDouble.cpp; sourceTree = "<group>"; };
		50BEC711269486C100CCDFA8 /* ExtendedDouble.h */ = {isa = PBXFileReference; fileEncoding = 4; lastKnownFileType = sourcecode.c.h; path = ExtendedDouble.h; sourceTree = "<group>"; };
		50BEC712269486C100CCDFA8 /* PrecisionComplex.h */ = {isa = PBXFileReference; fileEncoding = 4; lastKnownFileType = sourcecode.c.h; path = PrecisionComplex.h; sourceTree = "<group>"; };
		50BEC713269486C100CCDFA8 /* ExtendedComplex.h */ = {isa = PBXFileReference; fileEncoding = 4; lastKnownFileType = sourcecode.c.h; path = ExtendedComplex.h; sourceTree = "<group>"; };
		50BEC715269486C200CCDFA8 /* Chrono.cpp */ = {isa = PBXFileReference; fileEncoding = 4; lastKnownFileType = sourcecode.cpp.cpp; path = Chrono.cpp; sourceTree = "<group>"; };
		50BEC716269486C200CCDFA8 /* StandardComplex.cpp */ = {isa = PBXFileReference; fileEncoding = 4; lastKnownFileType = sourcecode.cpp.cpp; path = StandardComplex.cpp; sourceTree = "<group>"; };
		50BEC717269486C200CCDFA8 /* StandardComplex.h */ = {isa = PBXFileReference; fileEncoding = 4; lastKnownFileType = sourcecode.c.h; path = StandardComplex.h; sourceTree = "<group>"; };
		50BEC718269486C200CCDFA8 /* ExtendedComplex.cpp */ = {isa = PBXFileReference; fileEncoding = 4; lastKnownFileType = sourcecode.cpp.cpp; path = ExtendedComplex.cpp; sourceTree = "<group>"; };
		50BEC719269486C200CCDFA8 /* PrecisionComplex.cpp */ = {isa = PBXFileReference; fileEncoding = 4; lastKnownFileType = sourcecode.cpp.cpp; path = PrecisionComplex.cpp; sourceTree = "<group>"; };
		50BEC722269486E500CCDFA8 /* config.prf */ = {isa = PBXFileReference; lastKnownFileType = text; path = config.prf; sourceTree = "<group>"; };
		50BEC723269486E500CCDFA8 /* medium.prf */ = {isa = PBXFileReference; lastKnownFileType = text; path = medium.prf; sourceTree = "<group>"; };
		50BEC724269486E600CCDFA8 /* low.prf */ = {isa = PBXFileReference; lastKnownFileType = text; path = low.prf; sourceTree = "<group>"; };
		50BEC726269486E600CCDFA8 /* ultra.prf */ = {isa = PBXFileReference; lastKnownFileType = text; path = ultra.prf; sourceTree = "<group>"; };
		50BEC727269486E600CCDFA8 /* high.prf */ = {isa = PBXFileReference; lastKnownFileType = text; path = high.prf; sourceTree = "<group>"; };
		50BEC728269486E600CCDFA8 /* thumbnail.prf */ = {isa = PBXFileReference; lastKnownFileType = text; path = thumbnail.prf; sourceTree = "<group>"; };
		50BEC72A2694872900CCDFA8 /* golden_spider.loc */ = {isa = PBXFileReference; fileEncoding = 4; lastKnownFileType = text; path = golden_spider.loc; sourceTree = "<group>"; };
		50BEC72B2694872900CCDFA8 /* peanuts.loc */ = {isa = PBXFileReference; fileEncoding = 4; lastKnownFileType = text; path = peanuts.loc; sourceTree = "<group>"; };
		50BEC72C2694872900CCDFA8 /* safari.loc */ = {isa = PBXFileReference; fileEncoding = 4; lastKnownFileType = text; path = safari.loc; sourceTree = "<group>"; };
		50BEC72D2694872900CCDFA8 /* dragon.loc */ = {isa = PBXFileReference; fileEncoding = 4; lastKnownFileType = text; path = dragon.loc; sourceTree = "<group>"; };
		50BEC72E2694872900CCDFA8 /* seahorse.loc */ = {isa = PBXFileReference; fileEncoding = 4; lastKnownFileType = text; path = seahorse.loc; sourceTree = "<group>"; };
		50BEC72F2694872900CCDFA8 /* spider.loc */ = {isa = PBXFileReference; fileEncoding = 4; lastKnownFileType = text; path = spider.loc; sourceTree = "<group>"; };
		50BEC7302694872900CCDFA8 /* wfs.loc */ = {isa = PBXFileReference; fileEncoding = 4; lastKnownFileType = text; path = wfs.loc; sourceTree = "<group>"; };
		50BEC7312694872900CCDFA8 /* flake.loc */ = {isa = PBXFileReference; fileEncoding = 4; lastKnownFileType = text; path = flake.loc; sourceTree = "<group>"; };
		50BEC7322694872A00CCDFA8 /* glitch_test_5.loc */ = {isa = PBXFileReference; fileEncoding = 4; lastKnownFileType = text; path = glitch_test_5.loc; sourceTree = "<group>"; };
		50BEC7332694872A00CCDFA8 /* super_dense.loc */ = {isa = PBXFileReference; fileEncoding = 4; lastKnownFileType = text; path = super_dense.loc; sourceTree = "<group>"; };
		50BEC7342694872A00CCDFA8 /* triangle.loc */ = {isa = PBXFileReference; fileEncoding = 4; lastKnownFileType = text; path = triangle.loc; sourceTree = "<group>"; };
		50BEC7352694872A00CCDFA8 /* x.loc */ = {isa = PBXFileReference; fileEncoding = 4; lastKnownFileType = text; path = x.loc; sourceTree = "<group>"; };
		50BEC7362694872A00CCDFA8 /* glitch_test_3.loc */ = {isa = PBXFileReference; fileEncoding = 4; lastKnownFileType = text; path = glitch_test_3.loc; sourceTree = "<group>"; };
		50BEC7372694872A00CCDFA8 /* long.loc */ = {isa = PBXFileReference; fileEncoding = 4; lastKnownFileType = text; path = long.loc; sourceTree = "<group>"; };
		50BEC7382694872A00CCDFA8 /* glitch_test_1.loc */ = {isa = PBXFileReference; fileEncoding = 4; lastKnownFileType = text; path = glitch_test_1.loc; sourceTree = "<group>"; };
		50BEC7392694872A00CCDFA8 /* evolution_trees.loc */ = {isa = PBXFileReference; fileEncoding = 4; lastKnownFileType = text; path = evolution_trees.loc; sourceTree = "<group>"; };
		50BEC73A2694872A00CCDFA8 /* glitch_test_6.loc */ = {isa = PBXFileReference; fileEncoding = 4; lastKnownFileType = text; path = glitch_test_6.loc; sourceTree = "<group>"; };
		50BEC73B2694872A00CCDFA8 /* opus.loc */ = {isa = PBXFileReference; fileEncoding = 4; lastKnownFileType = text; path = opus.loc; sourceTree = "<group>"; };
		50BEC73C2694872B00CCDFA8 /* wfs4.loc */ = {isa = PBXFileReference; fileEncoding = 4; lastKnownFileType = text; path = wfs4.loc; sourceTree = "<group>"; };
		50BEC73D2694872B00CCDFA8 /* threads_colour.loc */ = {isa = PBXFileReference; fileEncoding = 4; lastKnownFileType = text; path = threads_colour.loc; sourceTree = "<group>"; };
		50BEC73E2694872B00CCDFA8 /* wfs2.loc */ = {isa = PBXFileReference; fileEncoding = 4; lastKnownFileType = text; path = wfs2.loc; sourceTree = "<group>"; };
		50BEC73F2694872B00CCDFA8 /* Makefile */ = {isa = PBXFileReference; fileEncoding = 4; lastKnownFileType = sourcecode.make; path = Makefile; sourceTree = "<group>"; };
		50BEC7402694872B00CCDFA8 /* olbaid2.loc */ = {isa = PBXFileReference; fileEncoding = 4; lastKnownFileType = text; path = olbaid2.loc; sourceTree = "<group>"; };
		50BEC7412694872B00CCDFA8 /* olbaid4.loc */ = {isa = PBXFileReference; fileEncoding = 4; lastKnownFileType = text; path = olbaid4.loc; sourceTree = "<group>"; };
		50BEC7422694872B00CCDFA8 /* olbaid5.loc */ = {isa = PBXFileReference; fileEncoding = 4; lastKnownFileType = text; path = olbaid5.loc; sourceTree = "<group>"; };
		50BEC7432694872B00CCDFA8 /* olbaid3.loc */ = {isa = PBXFileReference; fileEncoding = 4; lastKnownFileType = text; path = olbaid3.loc; sourceTree = "<group>"; };
		50BEC7442694872B00CCDFA8 /* e10000.loc */ = {isa = PBXFileReference; fileEncoding = 4; lastKnownFileType = text; path = e10000.loc; sourceTree = "<group>"; };
		50BEC7452694872B00CCDFA8 /* e52465.loc */ = {isa = PBXFileReference; fileEncoding = 4; lastKnownFileType = text; path = e52465.loc; sourceTree = "<group>"; };
		50BEC7462694872C00CCDFA8 /* glitch_test_4.loc */ = {isa = PBXFileReference; fileEncoding = 4; lastKnownFileType = text; path = glitch_test_4.loc; sourceTree = "<group>"; };
		50BEC7472694872C00CCDFA8 /* 11_dimensions.loc */ = {isa = PBXFileReference; fileEncoding = 4; lastKnownFileType = text; path = 11_dimensions.loc; sourceTree = "<group>"; };
		50BEC7482694872C00CCDFA8 /* dinosaur_fossils.loc */ = {isa = PBXFileReference; fileEncoding = 4; lastKnownFileType = text; path = dinosaur_fossils.loc; sourceTree = "<group>"; };
		50BEC7492694872C00CCDFA8 /* opus2.loc */ = {isa = PBXFileReference; fileEncoding = 4; lastKnownFileType = text; path = opus2.loc; sourceTree = "<group>"; };
		50BEC74A2694872C00CCDFA8 /* wfs_mb.loc */ = {isa = PBXFileReference; fileEncoding = 4; lastKnownFileType = text; path = wfs_mb.loc; sourceTree = "<group>"; };
		50BEC74B2694872C00CCDFA8 /* e22522.loc */ = {isa = PBXFileReference; fileEncoding = 4; lastKnownFileType = text; path = e22522.loc; sourceTree = "<group>"; };
		50BEC74C2694872C00CCDFA8 /* orion.loc */ = {isa = PBXFileReference; fileEncoding = 4; lastKnownFileType = text; path = orion.loc; sourceTree = "<group>"; };
		50BEC74D2694872C00CCDFA8 /* infinity.loc */ = {isa = PBXFileReference; fileEncoding = 4; lastKnownFileType = text; path = infinity.loc; sourceTree = "<group>"; };
		50BEC74E2694872C00CCDFA8 /* dragon_detail.loc */ = {isa = PBXFileReference; fileEncoding = 4; lastKnownFileType = text; path = dragon_detail.loc; sourceTree = "<group>"; };
		50BEC74F2694872C00CCDFA8 /* floral_fantasy.loc */ = {isa = PBXFileReference; fileEncoding = 4; lastKnownFileType = text; path = floral_fantasy.loc; sourceTree = "<group>"; };
		50BEC7502694872D00CCDFA8 /* olbaid1.loc */ = {isa = PBXFileReference; fileEncoding = 4; lastKnownFileType = text; path = olbaid1.loc; sourceTree = "<group>"; };
		50BEC7512694872D00CCDFA8 /* lya.loc */ = {isa = PBXFileReference; fileEncoding = 4; lastKnownFileType = text; path = lya.loc; sourceTree = "<group>"; };
		50BEC7522694872D00CCDFA8 /* glitch_test_2.loc */ = {isa = PBXFileReference; fileEncoding = 4; lastKnownFileType = text; path = glitch_test_2.loc; sourceTree = "<group>"; };
		50BEC7532694872D00CCDFA8 /* hard.loc */ = {isa = PBXFileReference; fileEncoding = 4; lastKnownFileType = text; path = hard.loc; sourceTree = "<group>"; };
		50BEC7542694872D00CCDFA8 /* 1e14.loc */ = {isa = PBXFileReference; fileEncoding = 4; lastKnownFileType = text; path = 1e14.loc; sourceTree = "<group>"; };
		50BEC7572694874E00CCDFA8 /* vulcano.prf */ = {isa = PBXFileReference; lastKnownFileType = text; path = vulcano.prf; sourceTree = "<group>"; };
		50BEC7592694876B00CCDFA8 /* DeepDrill.entitlements */ = {isa = PBXFileReference; lastKnownFileType = text.plist.entitlements; path = DeepDrill.entitlements; sourceTree = "<group>"; };
		50CF8E4E2694848800887FFC /* DeepDrill */ = {isa = PBXFileReference; explicitFileType = "compiled.mach-o.executable"; includeInIndex = 0; path = DeepDrill; sourceTree = BUILT_PRODUCTS_DIR; };
		50CF8E512694848800887FFC /* main.cpp */ = {isa = PBXFileReference; lastKnownFileType = sourcecode.cpp.cpp; path = main.cpp; sourceTree = "<group>"; };
		50EB497126A00C2A0019078C /* Colorizer.cpp */ = {isa = PBXFileReference; lastKnownFileType = sourcecode.cpp.cpp; path = Colorizer.cpp; sourceTree = "<group>"; };
		50EB497226A00C2A0019078C /* Colorizer.h */ = {isa = PBXFileReference; lastKnownFileType = sourcecode.c.h; path = Colorizer.h; sourceTree = "<group>"; };
/* End PBXFileReference section */

/* Begin PBXFrameworksBuildPhase section */
		50CF8E4B2694848800887FFC /* Frameworks */ = {
			isa = PBXFrameworksBuildPhase;
			buildActionMask = 2147483647;
			files = (
			);
			runOnlyForDeploymentPostprocessing = 0;
		};
/* End PBXFrameworksBuildPhase section */

/* Begin PBXGroup section */
		500655E926957CBF00982789 /* Math */ = {
			isa = PBXGroup;
			children = (
				500655EA26957CF500982789 /* Makefile */,
				5010234F269DE2FE00AC61A8 /* MathTypes.h */,
				50BEC713269486C100CCDFA8 /* ExtendedComplex.h */,
				50BEC718269486C200CCDFA8 /* ExtendedComplex.cpp */,
				50BEC711269486C100CCDFA8 /* ExtendedDouble.h */,
				50BEC710269486C100CCDFA8 /* ExtendedDouble.cpp */,
				50BEC712269486C100CCDFA8 /* PrecisionComplex.h */,
				50BEC719269486C200CCDFA8 /* PrecisionComplex.cpp */,
				50BEC717269486C200CCDFA8 /* StandardComplex.h */,
				50BEC716269486C200CCDFA8 /* StandardComplex.cpp */,
			);
			path = Math;
			sourceTree = "<group>";
		};
		501023372696D19400AC61A8 /* Output */ = {
			isa = PBXGroup;
			children = (
			);
			path = Output;
			sourceTree = "<group>";
		};
		5010233E269D9FB500AC61A8 /* DDImage */ = {
			isa = PBXGroup;
			children = (
			);
			path = DDImage;
			sourceTree = "<group>";
		};
		5010234A269DDE6D00AC61A8 /* Source */ = {
			isa = PBXGroup;
			children = (
				5010234B269DDE9C00AC61A8 /* Makefile */,
				50BEC6F3269486A900CCDFA8 /* config.h */,
				50BEC70B269486B400CCDFA8 /* Commons */,
				50CF8E502694848800887FFC /* DeepDrill */,
				5010233E269D9FB500AC61A8 /* DDImage */,
			);
			path = Source;
			sourceTree = "<group>";
		};
		50BEC70B269486B400CCDFA8 /* Commons */ = {
			isa = PBXGroup;
			children = (
				50BEC70E269486C100CCDFA8 /* Makefile */,
				50BEC70F269486C100CCDFA8 /* Types.h */,
				50BEC70D269486C100CCDFA8 /* Chrono.h */,
				50BEC715269486C200CCDFA8 /* Chrono.cpp */,
				500655E726957C8400982789 /* Parser.h */,
				500655E626957C8400982789 /* Parser.cpp */,
				50102345269DBEF000AC61A8 /* Exception.h */,
				50102344269DBEF000AC61A8 /* Exception.cpp */,
				50102348269DC4F500AC61A8 /* IO.h */,
				50102347269DC4F500AC61A8 /* IO.cpp */,
				50102351269EC70200AC61A8 /* MapFile.h */,
				50102350269EC70200AC61A8 /* MapFile.cpp */,
			);
			path = Commons;
			sourceTree = "<group>";
		};
		50BEC721269486D900CCDFA8 /* Profiles */ = {
			isa = PBXGroup;
			children = (
				50BEC722269486E500CCDFA8 /* config.prf */,
				50BEC727269486E600CCDFA8 /* high.prf */,
				50BEC724269486E600CCDFA8 /* low.prf */,
				50BEC723269486E500CCDFA8 /* medium.prf */,
				50BEC728269486E600CCDFA8 /* thumbnail.prf */,
				50BEC726269486E600CCDFA8 /* ultra.prf */,
			);
			path = Profiles;
			sourceTree = "<group>";
		};
		50BEC7292694870100CCDFA8 /* Locations */ = {
			isa = PBXGroup;
			children = (
				50BEC73F2694872B00CCDFA8 /* Makefile */,
				50BEC7542694872D00CCDFA8 /* 1e14.loc */,
				50BEC7472694872C00CCDFA8 /* 11_dimensions.loc */,
				50BEC7482694872C00CCDFA8 /* dinosaur_fossils.loc */,
				50BEC74E2694872C00CCDFA8 /* dragon_detail.loc */,
				50BEC72D2694872900CCDFA8 /* dragon.loc */,
				50BEC7442694872B00CCDFA8 /* e10000.loc */,
				50BEC74B2694872C00CCDFA8 /* e22522.loc */,
				50BEC7452694872B00CCDFA8 /* e52465.loc */,
				50BEC7392694872A00CCDFA8 /* evolution_trees.loc */,
				50BEC7312694872900CCDFA8 /* flake.loc */,
				50BEC74F2694872C00CCDFA8 /* floral_fantasy.loc */,
				50BEC7382694872A00CCDFA8 /* glitch_test_1.loc */,
				50BEC7522694872D00CCDFA8 /* glitch_test_2.loc */,
				50BEC7362694872A00CCDFA8 /* glitch_test_3.loc */,
				50BEC7462694872C00CCDFA8 /* glitch_test_4.loc */,
				50BEC7322694872A00CCDFA8 /* glitch_test_5.loc */,
				50BEC73A2694872A00CCDFA8 /* glitch_test_6.loc */,
				50BEC72A2694872900CCDFA8 /* golden_spider.loc */,
				50BEC7532694872D00CCDFA8 /* hard.loc */,
				50BEC74D2694872C00CCDFA8 /* infinity.loc */,
				50BEC7372694872A00CCDFA8 /* long.loc */,
				50BEC7512694872D00CCDFA8 /* lya.loc */,
				50BEC7502694872D00CCDFA8 /* olbaid1.loc */,
				50BEC7402694872B00CCDFA8 /* olbaid2.loc */,
				50BEC7432694872B00CCDFA8 /* olbaid3.loc */,
				50BEC7412694872B00CCDFA8 /* olbaid4.loc */,
				50BEC7422694872B00CCDFA8 /* olbaid5.loc */,
				50BEC73B2694872A00CCDFA8 /* opus.loc */,
				50BEC7492694872C00CCDFA8 /* opus2.loc */,
				50BEC74C2694872C00CCDFA8 /* orion.loc */,
				50BEC72B2694872900CCDFA8 /* peanuts.loc */,
				50BEC72C2694872900CCDFA8 /* safari.loc */,
				50BEC72E2694872900CCDFA8 /* seahorse.loc */,
				50BEC72F2694872900CCDFA8 /* spider.loc */,
				50BEC7332694872A00CCDFA8 /* super_dense.loc */,
				50BEC73D2694872B00CCDFA8 /* threads_colour.loc */,
				50BEC7342694872A00CCDFA8 /* triangle.loc */,
				50BEC74A2694872C00CCDFA8 /* wfs_mb.loc */,
				50BEC7302694872900CCDFA8 /* wfs.loc */,
				50BEC73E2694872B00CCDFA8 /* wfs2.loc */,
				50BEC73C2694872B00CCDFA8 /* wfs4.loc */,
				50BEC7352694872A00CCDFA8 /* x.loc */,
			);
			path = Locations;
			sourceTree = "<group>";
		};
		50BEC7562694873C00CCDFA8 /* Palettes */ = {
			isa = PBXGroup;
			children = (
				50BEC7572694874E00CCDFA8 /* vulcano.prf */,
				500655EC2695AACB00982789 /* ice.prf */,
			);
			path = Palettes;
			sourceTree = "<group>";
		};
		50BEC7582694875D00CCDFA8 /* Ressources */ = {
			isa = PBXGroup;
			children = (
				50BEC7592694876B00CCDFA8 /* DeepDrill.entitlements */,
			);
			path = Ressources;
			sourceTree = "<group>";
		};
		50CF8E452694848800887FFC = {
			isa = PBXGroup;
			children = (
				5010234A269DDE6D00AC61A8 /* Source */,
				50BEC7292694870100CCDFA8 /* Locations */,
				50BEC721269486D900CCDFA8 /* Profiles */,
				501023372696D19400AC61A8 /* Output */,
				50BEC7582694875D00CCDFA8 /* Ressources */,
				50BEC7562694873C00CCDFA8 /* Palettes */,
				50CF8E4F2694848800887FFC /* Products */,
			);
			sourceTree = "<group>";
		};
		50CF8E4F2694848800887FFC /* Products */ = {
			isa = PBXGroup;
			children = (
				50CF8E4E2694848800887FFC /* DeepDrill */,
			);
			name = Products;
			sourceTree = "<group>";
		};
		50CF8E502694848800887FFC /* DeepDrill */ = {
			isa = PBXGroup;
			children = (
				50BEC6F7269486A900CCDFA8 /* Makefile */,
				500655E926957CBF00982789 /* Math */,
				50CF8E512694848800887FFC /* main.cpp */,
				50BEC6F5269486A900CCDFA8 /* Application.h */,
				50BEC700269486AA00CCDFA8 /* Application.cpp */,
				50BEC6FD269486A900CCDFA8 /* Options.h */,
				50BEC6FA269486A900CCDFA8 /* Options.cpp */,
				50BEC6EF269486A800CCDFA8 /* Coefficients.h */,
				50BEC6F2269486A900CCDFA8 /* Coefficients.cpp */,
				50BEC6F8269486A900CCDFA8 /* Coord.h */,
				50BEC6F6269486A900CCDFA8 /* Coord.cpp */,
				50BEC6F9269486A900CCDFA8 /* DrillMap.h */,
				50BEC6F4269486A900CCDFA8 /* DrillMap.cpp */,
				50BEC6ED269486A800CCDFA8 /* Driller.h */,
				50BEC6F0269486A800CCDFA8 /* Driller.cpp */,
				50EB497226A00C2A0019078C /* Colorizer.h */,
				50EB497126A00C2A0019078C /* Colorizer.cpp */,
				50BEC6EE269486A800CCDFA8 /* Palette.h */,
				50BEC6FE269486AA00CCDFA8 /* Palette.cpp */,
				50BEC6F1269486A800CCDFA8 /* ProgressIndicator.h */,
				50BEC6FB269486A900CCDFA8 /* ProgressIndicator.cpp */,
				50BEC6FC269486A900CCDFA8 /* ReferencePoint.h */,
				50BEC6FF269486AA00CCDFA8 /* ReferencePoint.cpp */,
			);
			path = DeepDrill;
			sourceTree = "<group>";
		};
/* End PBXGroup section */

/* Begin PBXNativeTarget section */
		50CF8E4D2694848800887FFC /* DeepDrill */ = {
			isa = PBXNativeTarget;
			buildConfigurationList = 50CF8E552694848800887FFC /* Build configuration list for PBXNativeTarget "DeepDrill" */;
			buildPhases = (
				50CF8E4A2694848800887FFC /* Sources */,
				50CF8E4B2694848800887FFC /* Frameworks */,
				50CF8E4C2694848800887FFC /* CopyFiles */,
			);
			buildRules = (
			);
			dependencies = (
			);
			name = DeepDrill;
			productName = DeepDrill;
			productReference = 50CF8E4E2694848800887FFC /* DeepDrill */;
			productType = "com.apple.product-type.tool";
		};
/* End PBXNativeTarget section */

/* Begin PBXProject section */
		50CF8E462694848800887FFC /* Project object */ = {
			isa = PBXProject;
			attributes = {
				LastUpgradeCheck = 1250;
				TargetAttributes = {
					50CF8E4D2694848800887FFC = {
						CreatedOnToolsVersion = 12.5.1;
					};
				};
			};
			buildConfigurationList = 50CF8E492694848800887FFC /* Build configuration list for PBXProject "DeepDrill" */;
			compatibilityVersion = "Xcode 9.3";
			developmentRegion = en;
			hasScannedForEncodings = 0;
			knownRegions = (
				en,
				Base,
			);
			mainGroup = 50CF8E452694848800887FFC;
			productRefGroup = 50CF8E4F2694848800887FFC /* Products */;
			projectDirPath = "";
			projectRoot = "";
			targets = (
				50CF8E4D2694848800887FFC /* DeepDrill */,
			);
		};
/* End PBXProject section */

/* Begin PBXSourcesBuildPhase section */
		50CF8E4A2694848800887FFC /* Sources */ = {
			isa = PBXSourcesBuildPhase;
			buildActionMask = 2147483647;
			files = (
				50BEC709269486AA00CCDFA8 /* ReferencePoint.cpp in Sources */,
				50BEC707269486AA00CCDFA8 /* ProgressIndicator.cpp in Sources */,
				50BEC70A269486AA00CCDFA8 /* Application.cpp in Sources */,
				50BEC71B269486C200CCDFA8 /* ExtendedDouble.cpp in Sources */,
				50BEC720269486C200CCDFA8 /* PrecisionComplex.cpp in Sources */,
				50102352269EC70200AC61A8 /* MapFile.cpp in Sources */,
				500655E826957C8400982789 /* Parser.cpp in Sources */,
				50102349269DC4F500AC61A8 /* IO.cpp in Sources */,
				50BEC708269486AA00CCDFA8 /* Palette.cpp in Sources */,
				50BEC704269486AA00CCDFA8 /* Coord.cpp in Sources */,
				50BEC706269486AA00CCDFA8 /* Options.cpp in Sources */,
				50BEC701269486AA00CCDFA8 /* Driller.cpp in Sources */,
				50CF8E522694848800887FFC /* main.cpp in Sources */,
				50BEC71D269486C200CCDFA8 /* Chrono.cpp in Sources */,
				50102346269DBEF000AC61A8 /* Exception.cpp in Sources */,
				50BEC71F269486C200CCDFA8 /* ExtendedComplex.cpp in Sources */,
				50BEC71E269486C200CCDFA8 /* StandardComplex.cpp in Sources */,
				50BEC703269486AA00CCDFA8 /* DrillMap.cpp in Sources */,
				50BEC702269486AA00CCDFA8 /* Coefficients.cpp in Sources */,
				50EB497326A00C2A0019078C /* Colorizer.cpp in Sources */,
			);
			runOnlyForDeploymentPostprocessing = 0;
		};
/* End PBXSourcesBuildPhase section */

/* Begin XCBuildConfiguration section */
		50CF8E532694848800887FFC /* Debug */ = {
			isa = XCBuildConfiguration;
			buildSettings = {
				ALWAYS_SEARCH_USER_PATHS = NO;
				CLANG_ANALYZER_NONNULL = YES;
				CLANG_ANALYZER_NUMBER_OBJECT_CONVERSION = YES_AGGRESSIVE;
				CLANG_CXX_LANGUAGE_STANDARD = "gnu++14";
				CLANG_CXX_LIBRARY = "libc++";
				CLANG_ENABLE_MODULES = YES;
				CLANG_ENABLE_OBJC_ARC = YES;
				CLANG_ENABLE_OBJC_WEAK = YES;
				CLANG_WARN_BLOCK_CAPTURE_AUTORELEASING = YES;
				CLANG_WARN_BOOL_CONVERSION = YES;
				CLANG_WARN_COMMA = YES;
				CLANG_WARN_CONSTANT_CONVERSION = YES;
				CLANG_WARN_DEPRECATED_OBJC_IMPLEMENTATIONS = YES;
				CLANG_WARN_DIRECT_OBJC_ISA_USAGE = YES_ERROR;
				CLANG_WARN_DOCUMENTATION_COMMENTS = YES;
				CLANG_WARN_EMPTY_BODY = YES;
				CLANG_WARN_ENUM_CONVERSION = YES;
				CLANG_WARN_INFINITE_RECURSION = YES;
				CLANG_WARN_INT_CONVERSION = YES;
				CLANG_WARN_NON_LITERAL_NULL_CONVERSION = YES;
				CLANG_WARN_OBJC_IMPLICIT_RETAIN_SELF = YES;
				CLANG_WARN_OBJC_LITERAL_CONVERSION = YES;
				CLANG_WARN_OBJC_ROOT_CLASS = YES_ERROR;
				CLANG_WARN_QUOTED_INCLUDE_IN_FRAMEWORK_HEADER = YES;
				CLANG_WARN_RANGE_LOOP_ANALYSIS = YES;
				CLANG_WARN_STRICT_PROTOTYPES = YES;
				CLANG_WARN_SUSPICIOUS_MOVE = YES;
				CLANG_WARN_UNGUARDED_AVAILABILITY = YES_AGGRESSIVE;
				CLANG_WARN_UNREACHABLE_CODE = YES;
				CLANG_WARN__DUPLICATE_METHOD_MATCH = YES;
				COPY_PHASE_STRIP = NO;
				DEBUG_INFORMATION_FORMAT = dwarf;
				ENABLE_STRICT_OBJC_MSGSEND = YES;
				ENABLE_TESTABILITY = YES;
				GCC_C_LANGUAGE_STANDARD = gnu11;
				GCC_DYNAMIC_NO_PIC = NO;
				GCC_NO_COMMON_BLOCKS = YES;
				GCC_OPTIMIZATION_LEVEL = 0;
				GCC_PREPROCESSOR_DEFINITIONS = (
					"DEBUG=1",
					"$(inherited)",
				);
				GCC_WARN_64_TO_32_BIT_CONVERSION = YES;
				GCC_WARN_ABOUT_RETURN_TYPE = YES_ERROR;
				GCC_WARN_UNDECLARED_SELECTOR = YES;
				GCC_WARN_UNINITIALIZED_AUTOS = YES_AGGRESSIVE;
				GCC_WARN_UNUSED_FUNCTION = YES;
				GCC_WARN_UNUSED_VARIABLE = YES;
				MACOSX_DEPLOYMENT_TARGET = 11.3;
				MTL_ENABLE_DEBUG_INFO = INCLUDE_SOURCE;
				MTL_FAST_MATH = YES;
				ONLY_ACTIVE_ARCH = YES;
				SDKROOT = macosx;
			};
			name = Debug;
		};
		50CF8E542694848800887FFC /* Release */ = {
			isa = XCBuildConfiguration;
			buildSettings = {
				ALWAYS_SEARCH_USER_PATHS = NO;
				CLANG_ANALYZER_NONNULL = YES;
				CLANG_ANALYZER_NUMBER_OBJECT_CONVERSION = YES_AGGRESSIVE;
				CLANG_CXX_LANGUAGE_STANDARD = "gnu++14";
				CLANG_CXX_LIBRARY = "libc++";
				CLANG_ENABLE_MODULES = YES;
				CLANG_ENABLE_OBJC_ARC = YES;
				CLANG_ENABLE_OBJC_WEAK = YES;
				CLANG_WARN_BLOCK_CAPTURE_AUTORELEASING = YES;
				CLANG_WARN_BOOL_CONVERSION = YES;
				CLANG_WARN_COMMA = YES;
				CLANG_WARN_CONSTANT_CONVERSION = YES;
				CLANG_WARN_DEPRECATED_OBJC_IMPLEMENTATIONS = YES;
				CLANG_WARN_DIRECT_OBJC_ISA_USAGE = YES_ERROR;
				CLANG_WARN_DOCUMENTATION_COMMENTS = YES;
				CLANG_WARN_EMPTY_BODY = YES;
				CLANG_WARN_ENUM_CONVERSION = YES;
				CLANG_WARN_INFINITE_RECURSION = YES;
				CLANG_WARN_INT_CONVERSION = YES;
				CLANG_WARN_NON_LITERAL_NULL_CONVERSION = YES;
				CLANG_WARN_OBJC_IMPLICIT_RETAIN_SELF = YES;
				CLANG_WARN_OBJC_LITERAL_CONVERSION = YES;
				CLANG_WARN_OBJC_ROOT_CLASS = YES_ERROR;
				CLANG_WARN_QUOTED_INCLUDE_IN_FRAMEWORK_HEADER = YES;
				CLANG_WARN_RANGE_LOOP_ANALYSIS = YES;
				CLANG_WARN_STRICT_PROTOTYPES = YES;
				CLANG_WARN_SUSPICIOUS_MOVE = YES;
				CLANG_WARN_UNGUARDED_AVAILABILITY = YES_AGGRESSIVE;
				CLANG_WARN_UNREACHABLE_CODE = YES;
				CLANG_WARN__DUPLICATE_METHOD_MATCH = YES;
				COPY_PHASE_STRIP = NO;
				DEBUG_INFORMATION_FORMAT = "dwarf-with-dsym";
				ENABLE_NS_ASSERTIONS = NO;
				ENABLE_STRICT_OBJC_MSGSEND = YES;
				GCC_C_LANGUAGE_STANDARD = gnu11;
				GCC_NO_COMMON_BLOCKS = YES;
				GCC_WARN_64_TO_32_BIT_CONVERSION = YES;
				GCC_WARN_ABOUT_RETURN_TYPE = YES_ERROR;
				GCC_WARN_UNDECLARED_SELECTOR = YES;
				GCC_WARN_UNINITIALIZED_AUTOS = YES_AGGRESSIVE;
				GCC_WARN_UNUSED_FUNCTION = YES;
				GCC_WARN_UNUSED_VARIABLE = YES;
				MACOSX_DEPLOYMENT_TARGET = 11.3;
				MTL_ENABLE_DEBUG_INFO = NO;
				MTL_FAST_MATH = YES;
				SDKROOT = macosx;
			};
			name = Release;
		};
		50CF8E562694848800887FFC /* Debug */ = {
			isa = XCBuildConfiguration;
			buildSettings = {
				CLANG_CXX_LANGUAGE_STANDARD = "gnu++17";
				CLANG_CXX_LIBRARY = "compiler-default";
				CLANG_WARN_SEMICOLON_BEFORE_METHOD_BODY = YES;
				CODE_SIGN_ENTITLEMENTS = Ressources/DeepDrill.entitlements;
				CODE_SIGN_STYLE = Automatic;
				DEVELOPMENT_TEAM = 3NG65ZLYW7;
				ENABLE_HARDENED_RUNTIME = YES;
				GCC_WARN_ABOUT_MISSING_FIELD_INITIALIZERS = YES;
				GCC_WARN_INITIALIZER_NOT_FULLY_BRACKETED = YES;
				GCC_WARN_SHADOW = YES;
				GCC_WARN_SIGN_COMPARE = YES;
				HEADER_SEARCH_PATHS = /usr/local/Cellar/gmp/6.2.1/include/;
				LIBRARY_SEARCH_PATHS = /usr/local/Cellar/gmp/6.2.1/lib/;
				OTHER_LDFLAGS = (
					"-lgmp",
					"-lgmpxx",
				);
				PRODUCT_NAME = "$(TARGET_NAME)";
			};
			name = Debug;
		};
		50CF8E572694848800887FFC /* Release */ = {
			isa = XCBuildConfiguration;
			buildSettings = {
				CLANG_CXX_LANGUAGE_STANDARD = "gnu++17";
				CLANG_CXX_LIBRARY = "compiler-default";
				CLANG_WARN_SEMICOLON_BEFORE_METHOD_BODY = YES;
				CODE_SIGN_ENTITLEMENTS = Ressources/DeepDrill.entitlements;
				CODE_SIGN_STYLE = Automatic;
				DEVELOPMENT_TEAM = 3NG65ZLYW7;
				ENABLE_HARDENED_RUNTIME = YES;
				GCC_WARN_ABOUT_MISSING_FIELD_INITIALIZERS = YES;
				GCC_WARN_INITIALIZER_NOT_FULLY_BRACKETED = YES;
				GCC_WARN_SHADOW = YES;
				GCC_WARN_SIGN_COMPARE = YES;
				HEADER_SEARCH_PATHS = /usr/local/Cellar/gmp/6.2.1/include/;
				LIBRARY_SEARCH_PATHS = /usr/local/Cellar/gmp/6.2.1/lib/;
				ONLY_ACTIVE_ARCH = YES;
				OTHER_LDFLAGS = (
					"-lgmp",
					"-lgmpxx",
				);
				PRODUCT_NAME = "$(TARGET_NAME)";
			};
			name = Release;
		};
/* End XCBuildConfiguration section */

/* Begin XCConfigurationList section */
		50CF8E492694848800887FFC /* Build configuration list for PBXProject "DeepDrill" */ = {
			isa = XCConfigurationList;
			buildConfigurations = (
				50CF8E532694848800887FFC /* Debug */,
				50CF8E542694848800887FFC /* Release */,
			);
			defaultConfigurationIsVisible = 0;
			defaultConfigurationName = Release;
		};
		50CF8E552694848800887FFC /* Build configuration list for PBXNativeTarget "DeepDrill" */ = {
			isa = XCConfigurationList;
			buildConfigurations = (
				50CF8E562694848800887FFC /* Debug */,
				50CF8E572694848800887FFC /* Release */,
			);
			defaultConfigurationIsVisible = 0;
			defaultConfigurationName = Release;
		};
/* End XCConfigurationList section */
	};
	rootObject = 50CF8E462694848800887FFC /* Project object */;
}
